PODS:
  - AFNetworking (2.4.1):
    - AFNetworking/NSURLConnection
    - AFNetworking/NSURLSession
    - AFNetworking/Reachability
    - AFNetworking/Security
    - AFNetworking/Serialization
    - AFNetworking/UIKit
  - AFNetworking/NSURLConnection (2.4.1):
    - AFNetworking/Reachability
    - AFNetworking/Security
    - AFNetworking/Serialization
  - AFNetworking/NSURLSession (2.4.1):
    - AFNetworking/Reachability
    - AFNetworking/Security
    - AFNetworking/Serialization
  - AFNetworking/Reachability (2.4.1)
  - AFNetworking/Security (2.4.1)
  - AFNetworking/Serialization (2.4.1)
  - AFNetworking/UIKit (2.4.1):
    - AFNetworking/NSURLConnection
    - AFNetworking/NSURLSession
  - Bolts (1.1.4)
  - Facebook-iOS-SDK (3.19.0):
    - Bolts (~> 1.0)
  - FlurrySDK (5.4.0):
    - FlurrySDK/FlurrySDK
  - FlurrySDK/FlurrySDK (5.4.0)
  - MagicalRecord/Shorthand (2.2)
  - Masonry (0.5.3)
  - PubNub (3.7.9.3)
  - SplunkMint-iOS (4.0.21)

DEPENDENCIES:
  - AFNetworking (= 2.4.1)
  - Facebook-iOS-SDK (= 3.19.0)
  - FlurrySDK
  - MagicalRecord/Shorthand (~> 2.2)
  - Masonry (= 0.5.3)
  - PubNub (= 3.7.9.3)
  - SplunkMint-iOS (= 4.0.21)

SPEC CHECKSUMS:
  AFNetworking: 0aabc6fae66d6e5d039eeb21c315843c7aae51ab
  Bolts: dd9fb8433d67f5acc3b6b4d1379bbc5513d716c1
  Facebook-iOS-SDK: cb7d74759d0b1ba546e6e6f1dde407b0d4e448d6
  FlurrySDK: bed9e5598353f867508d164795a451e3ada92cb6
  MagicalRecord: 2b471584fc9e3137f3d0a56967917baa4979e224
  Masonry: 35368c2ca9577ca87722c12fc52c4bad9b1c1516
  PubNub: ffe871da6fd4a680faddecc3f20a563646869d4a
  SplunkMint-iOS: f5cb289736a4310c9326f0972b58bc55c660e67a

COCOAPODS: 0.34.1
