<?xml version="1.0" encoding="UTF-8"?>
<!DOCTYPE plist PUBLIC "-//Apple//DTD PLIST 1.0//EN" "http://www.apple.com/DTDs/PropertyList-1.0.dtd">
<plist version="1.0">
<dict>
	<key>archiveVersion</key>
	<string>1</string>
	<key>classes</key>
	<dict/>
	<key>objectVersion</key>
	<string>46</string>
	<key>objects</key>
	<dict>
		<key>3628194CFFFD4347B72D4904</key>
		<dict>
			<key>buildActionMask</key>
			<string>2147483647</string>
			<key>files</key>
			<array/>
			<key>inputPaths</key>
			<array/>
			<key>isa</key>
			<string>PBXShellScriptBuildPhase</string>
			<key>name</key>
			<string>Copy Pods Resources</string>
			<key>outputPaths</key>
			<array/>
			<key>runOnlyForDeploymentPostprocessing</key>
			<string>0</string>
			<key>shellPath</key>
			<string>/bin/sh</string>
			<key>shellScript</key>
			<string>"${SRCROOT}/Pods/Target Support Files/Pods/Pods-resources.sh"
</string>
			<key>showEnvVarsInLog</key>
			<string>0</string>
		</dict>
		<key>431760096D7FBE8BA2FC8F22</key>
		<dict>
			<key>includeInIndex</key>
			<string>1</string>
			<key>isa</key>
			<string>PBXFileReference</string>
			<key>lastKnownFileType</key>
			<string>text.xcconfig</string>
			<key>name</key>
			<string>Pods.distribution.xcconfig</string>
			<key>path</key>
			<string>Pods/Target Support Files/Pods/Pods.distribution.xcconfig</string>
			<key>sourceTree</key>
			<string>&lt;group&gt;</string>
		</dict>
		<key>5703BC6994854CA9A34690DC</key>
		<dict>
			<key>buildActionMask</key>
			<string>2147483647</string>
			<key>files</key>
			<array/>
			<key>inputPaths</key>
			<array/>
			<key>isa</key>
			<string>PBXShellScriptBuildPhase</string>
			<key>name</key>
			<string>Check Pods Manifest.lock</string>
			<key>outputPaths</key>
			<array/>
			<key>runOnlyForDeploymentPostprocessing</key>
			<string>0</string>
			<key>shellPath</key>
			<string>/bin/sh</string>
			<key>shellScript</key>
			<string>diff "${PODS_ROOT}/../Podfile.lock" "${PODS_ROOT}/Manifest.lock" &gt; /dev/null
if [[ $? != 0 ]] ; then
    cat &lt;&lt; EOM
error: The sandbox is not in sync with the Podfile.lock. Run 'pod install' or update your CocoaPods installation.
EOM
    exit 1
fi
</string>
			<key>showEnvVarsInLog</key>
			<string>0</string>
		</dict>
		<key>5707185619D19D180069064F</key>
		<dict>
			<key>children</key>
			<array>
				<string>7AFA470719E74B8200D2E3D2</string>
				<string>5707185719D19D580069064F</string>
				<string>5707185819D19D600069064F</string>
			</array>
			<key>isa</key>
			<string>PBXGroup</string>
			<key>name</key>
			<string>Services</string>
			<key>sourceTree</key>
			<string>&lt;group&gt;</string>
		</dict>
		<key>5707185719D19D580069064F</key>
		<dict>
			<key>children</key>
			<array>
				<string>574156A119D34F2B006F0A2F</string>
				<string>5707186419D1AEBB0069064F</string>
				<string>5707186619D1AF110069064F</string>
				<string>5784778E19DDB9530063A543</string>
			</array>
			<key>isa</key>
			<string>PBXGroup</string>
			<key>name</key>
			<string>Backend</string>
			<key>sourceTree</key>
			<string>&lt;group&gt;</string>
		</dict>
		<key>5707185819D19D600069064F</key>
		<dict>
			<key>children</key>
			<array>
				<string>70B7695A19E6EE9700CAA9A9</string>
				<string>70B7696019E7069F00CAA9A9</string>
				<string>7033584719E462A20030CF11</string>
			</array>
			<key>isa</key>
			<string>PBXGroup</string>
			<key>name</key>
			<string>PubNub</string>
			<key>sourceTree</key>
			<string>&lt;group&gt;</string>
		</dict>
		<key>5707186419D1AEBB0069064F</key>
		<dict>
			<key>fileEncoding</key>
			<string>4</string>
			<key>isa</key>
			<string>PBXFileReference</string>
			<key>lastKnownFileType</key>
			<string>sourcecode.swift</string>
			<key>path</key>
			<string>MugchatService.swift</string>
			<key>sourceTree</key>
			<string>&lt;group&gt;</string>
		</dict>
		<key>5707186519D1AEBB0069064F</key>
		<dict>
			<key>fileRef</key>
			<string>5707186419D1AEBB0069064F</string>
			<key>isa</key>
			<string>PBXBuildFile</string>
		</dict>
		<key>5707186619D1AF110069064F</key>
		<dict>
			<key>fileEncoding</key>
			<string>4</string>
			<key>isa</key>
			<string>PBXFileReference</string>
			<key>lastKnownFileType</key>
			<string>sourcecode.swift</string>
			<key>path</key>
			<string>UserService.swift</string>
			<key>sourceTree</key>
			<string>&lt;group&gt;</string>
		</dict>
		<key>5707186719D1AF110069064F</key>
		<dict>
			<key>fileRef</key>
			<string>5707186619D1AF110069064F</string>
			<key>isa</key>
			<string>PBXBuildFile</string>
		</dict>
		<key>5741569E19D33F30006F0A2F</key>
		<dict>
			<key>fileEncoding</key>
			<string>4</string>
			<key>isa</key>
			<string>PBXFileReference</string>
			<key>lastKnownFileType</key>
			<string>sourcecode.swift</string>
			<key>path</key>
			<string>NSDateExtension.swift</string>
			<key>sourceTree</key>
			<string>&lt;group&gt;</string>
		</dict>
		<key>5741569F19D33F30006F0A2F</key>
		<dict>
			<key>fileRef</key>
			<string>5741569E19D33F30006F0A2F</string>
			<key>isa</key>
			<string>PBXBuildFile</string>
		</dict>
		<key>574156A119D34F2B006F0A2F</key>
		<dict>
			<key>fileEncoding</key>
			<string>4</string>
			<key>isa</key>
			<string>PBXFileReference</string>
			<key>lastKnownFileType</key>
			<string>sourcecode.swift</string>
			<key>path</key>
			<string>MugError.swift</string>
			<key>sourceTree</key>
			<string>&lt;group&gt;</string>
		</dict>
		<key>574156A219D34F2B006F0A2F</key>
		<dict>
			<key>fileRef</key>
			<string>574156A119D34F2B006F0A2F</string>
			<key>isa</key>
			<string>PBXBuildFile</string>
		</dict>
		<key>574156A919D4A05F006F0A2F</key>
		<dict>
			<key>fileEncoding</key>
			<string>4</string>
			<key>isa</key>
			<string>PBXFileReference</string>
			<key>lastKnownFileType</key>
			<string>sourcecode.swift</string>
			<key>path</key>
			<string>SwiftyJSON.swift</string>
			<key>sourceTree</key>
			<string>&lt;group&gt;</string>
		</dict>
		<key>574156AA19D4A05F006F0A2F</key>
		<dict>
			<key>fileRef</key>
			<string>574156A919D4A05F006F0A2F</string>
			<key>isa</key>
			<string>PBXBuildFile</string>
		</dict>
		<key>5753BF4319D8974200E37216</key>
		<dict>
			<key>fileRef</key>
			<string>7056FE5219D859D700BD6571</string>
			<key>isa</key>
			<string>PBXBuildFile</string>
		</dict>
		<key>5784778E19DDB9530063A543</key>
		<dict>
			<key>fileEncoding</key>
			<string>4</string>
			<key>isa</key>
			<string>PBXFileReference</string>
			<key>lastKnownFileType</key>
			<string>sourcecode.swift</string>
			<key>path</key>
			<string>DeviceService.swift</string>
			<key>sourceTree</key>
			<string>&lt;group&gt;</string>
		</dict>
		<key>5784778F19DDB9530063A543</key>
		<dict>
			<key>fileRef</key>
			<string>5784778E19DDB9530063A543</string>
			<key>isa</key>
			<string>PBXBuildFile</string>
		</dict>
		<key>57A3A6BC19D5E2E70043790E</key>
		<dict>
			<key>children</key>
			<array>
				<string>57A3A6BD19D5E3160043790E</string>
				<string>57EECE4819DB510D0066BEE7</string>
				<string>57E3763B19DC57970060AAA8</string>
				<string>57E3763D19DC715F0060AAA8</string>
			</array>
			<key>isa</key>
			<string>PBXGroup</string>
			<key>name</key>
			<string>Verification</string>
			<key>sourceTree</key>
			<string>&lt;group&gt;</string>
		</dict>
		<key>57A3A6BD19D5E3160043790E</key>
		<dict>
			<key>fileEncoding</key>
			<string>4</string>
			<key>isa</key>
			<string>PBXFileReference</string>
			<key>lastKnownFileType</key>
			<string>sourcecode.swift</string>
			<key>path</key>
			<string>PhoneNumberView.swift</string>
			<key>sourceTree</key>
			<string>&lt;group&gt;</string>
		</dict>
		<key>57A3A6BE19D5E3160043790E</key>
		<dict>
			<key>fileRef</key>
			<string>57A3A6BD19D5E3160043790E</string>
			<key>isa</key>
			<string>PBXBuildFile</string>
		</dict>
		<key>57A3A6BF19D5E4C00043790E</key>
		<dict>
			<key>children</key>
			<array>
				<string>57A3A6C019D5E4D90043790E</string>
				<string>57EECE4619DB50390066BEE7</string>
			</array>
			<key>isa</key>
			<string>PBXGroup</string>
			<key>name</key>
			<string>Verification</string>
			<key>sourceTree</key>
			<string>&lt;group&gt;</string>
		</dict>
		<key>57A3A6C019D5E4D90043790E</key>
		<dict>
			<key>fileEncoding</key>
			<string>4</string>
			<key>isa</key>
			<string>PBXFileReference</string>
			<key>lastKnownFileType</key>
			<string>sourcecode.swift</string>
			<key>path</key>
			<string>PhoneNumberViewController.swift</string>
			<key>sourceTree</key>
			<string>&lt;group&gt;</string>
		</dict>
		<key>57A3A6C119D5E4D90043790E</key>
		<dict>
			<key>fileRef</key>
			<string>57A3A6C019D5E4D90043790E</string>
			<key>isa</key>
			<string>PBXBuildFile</string>
		</dict>
		<key>57D2A08F19D310C000FA729D</key>
		<dict>
			<key>children</key>
			<array>
				<string>57D2A09219D310C000FA729D</string>
				<string>57D2A09019D310C000FA729D</string>
			</array>
			<key>isa</key>
			<string>PBXGroup</string>
			<key>path</key>
			<string>mugchatTests</string>
			<key>sourceTree</key>
			<string>&lt;group&gt;</string>
		</dict>
		<key>57D2A09019D310C000FA729D</key>
		<dict>
			<key>children</key>
			<array>
				<string>57D2A09119D310C000FA729D</string>
			</array>
			<key>isa</key>
			<string>PBXGroup</string>
			<key>name</key>
			<string>Supporting Files</string>
			<key>sourceTree</key>
			<string>&lt;group&gt;</string>
		</dict>
		<key>57D2A09119D310C000FA729D</key>
		<dict>
			<key>isa</key>
			<string>PBXFileReference</string>
			<key>lastKnownFileType</key>
			<string>text.plist.xml</string>
			<key>path</key>
			<string>Info.plist</string>
			<key>sourceTree</key>
			<string>&lt;group&gt;</string>
		</dict>
		<key>57D2A09219D310C000FA729D</key>
		<dict>
			<key>isa</key>
			<string>PBXFileReference</string>
			<key>lastKnownFileType</key>
			<string>sourcecode.swift</string>
			<key>path</key>
			<string>mugchatTests.swift</string>
			<key>sourceTree</key>
			<string>&lt;group&gt;</string>
		</dict>
		<key>57D2A0A019D3240E00FA729D</key>
		<dict>
			<key>isa</key>
			<string>PBXFileReference</string>
			<key>lastKnownFileType</key>
			<string>wrapper.framework</string>
			<key>name</key>
			<string>Foundation.framework</string>
			<key>path</key>
			<string>System/Library/Frameworks/Foundation.framework</string>
			<key>sourceTree</key>
			<string>SDKROOT</string>
		</dict>
		<key>57E3763B19DC57970060AAA8</key>
		<dict>
			<key>fileEncoding</key>
			<string>4</string>
			<key>isa</key>
			<string>PBXFileReference</string>
			<key>lastKnownFileType</key>
			<string>sourcecode.swift</string>
			<key>path</key>
			<string>PhoneNumberViewDelegate.swift</string>
			<key>sourceTree</key>
			<string>&lt;group&gt;</string>
		</dict>
		<key>57E3763C19DC57970060AAA8</key>
		<dict>
			<key>fileRef</key>
			<string>57E3763B19DC57970060AAA8</string>
			<key>isa</key>
			<string>PBXBuildFile</string>
		</dict>
		<key>57E3763D19DC715F0060AAA8</key>
		<dict>
			<key>fileEncoding</key>
			<string>4</string>
			<key>isa</key>
			<string>PBXFileReference</string>
			<key>lastKnownFileType</key>
			<string>sourcecode.swift</string>
			<key>path</key>
			<string>VerificationCodeViewDelegate.swift</string>
			<key>sourceTree</key>
			<string>&lt;group&gt;</string>
		</dict>
		<key>57E3763E19DC715F0060AAA8</key>
		<dict>
			<key>fileRef</key>
			<string>57E3763D19DC715F0060AAA8</string>
			<key>isa</key>
			<string>PBXBuildFile</string>
		</dict>
		<key>57EECE4619DB50390066BEE7</key>
		<dict>
			<key>fileEncoding</key>
			<string>4</string>
			<key>isa</key>
			<string>PBXFileReference</string>
			<key>lastKnownFileType</key>
			<string>sourcecode.swift</string>
			<key>path</key>
			<string>VerificationCodeViewController.swift</string>
			<key>sourceTree</key>
			<string>&lt;group&gt;</string>
		</dict>
		<key>57EECE4719DB50390066BEE7</key>
		<dict>
			<key>fileRef</key>
			<string>57EECE4619DB50390066BEE7</string>
			<key>isa</key>
			<string>PBXBuildFile</string>
		</dict>
		<key>57EECE4819DB510D0066BEE7</key>
		<dict>
			<key>fileEncoding</key>
			<string>4</string>
			<key>isa</key>
			<string>PBXFileReference</string>
			<key>lastKnownFileType</key>
			<string>sourcecode.swift</string>
			<key>path</key>
			<string>VerificationCodeView.swift</string>
			<key>sourceTree</key>
			<string>&lt;group&gt;</string>
		</dict>
		<key>57EECE4919DB510D0066BEE7</key>
		<dict>
			<key>fileRef</key>
			<string>57EECE4819DB510D0066BEE7</string>
			<key>isa</key>
			<string>PBXBuildFile</string>
		</dict>
		<key>70057E9219DADEB5004343ED</key>
		<dict>
			<key>children</key>
			<array>
				<string>70057E9319DADF59004343ED</string>
				<string>7024C19319DC6B85008EF445</string>
			</array>
			<key>isa</key>
			<string>PBXGroup</string>
			<key>name</key>
			<string>Helpers</string>
			<key>sourceTree</key>
			<string>&lt;group&gt;</string>
		</dict>
		<key>70057E9319DADF59004343ED</key>
		<dict>
			<key>fileEncoding</key>
			<string>4</string>
			<key>isa</key>
			<string>PBXFileReference</string>
			<key>lastKnownFileType</key>
			<string>sourcecode.swift</string>
			<key>path</key>
			<string>DeviceHelper.swift</string>
			<key>sourceTree</key>
			<string>&lt;group&gt;</string>
		</dict>
		<key>70057E9419DADF59004343ED</key>
		<dict>
			<key>fileRef</key>
			<string>70057E9319DADF59004343ED</string>
			<key>isa</key>
			<string>PBXBuildFile</string>
		</dict>
		<key>7024C19319DC6B85008EF445</key>
		<dict>
			<key>fileEncoding</key>
			<string>4</string>
			<key>isa</key>
			<string>PBXFileReference</string>
			<key>lastKnownFileType</key>
			<string>sourcecode.swift</string>
			<key>path</key>
			<string>AuthenticationHelper.swift</string>
			<key>sourceTree</key>
			<string>&lt;group&gt;</string>
		</dict>
		<key>7024C19419DC6B85008EF445</key>
		<dict>
			<key>fileRef</key>
			<string>7024C19319DC6B85008EF445</string>
			<key>isa</key>
			<string>PBXBuildFile</string>
		</dict>
		<key>7033584419E415E60030CF11</key>
		<dict>
			<key>children</key>
			<array>
				<string>7033584519E4160B0030CF11</string>
			</array>
			<key>isa</key>
			<string>PBXGroup</string>
			<key>name</key>
			<string>Settings</string>
			<key>sourceTree</key>
			<string>&lt;group&gt;</string>
		</dict>
		<key>7033584519E4160B0030CF11</key>
		<dict>
			<key>fileEncoding</key>
			<string>4</string>
			<key>isa</key>
			<string>PBXFileReference</string>
			<key>lastKnownFileType</key>
			<string>sourcecode.swift</string>
			<key>path</key>
			<string>SettingsView.swift</string>
			<key>sourceTree</key>
			<string>&lt;group&gt;</string>
		</dict>
		<key>7033584619E4160B0030CF11</key>
		<dict>
			<key>fileRef</key>
			<string>7033584519E4160B0030CF11</string>
			<key>isa</key>
			<string>PBXBuildFile</string>
		</dict>
		<key>7033584719E462A20030CF11</key>
		<dict>
			<key>fileEncoding</key>
			<string>4</string>
			<key>isa</key>
			<string>PBXFileReference</string>
			<key>lastKnownFileType</key>
			<string>sourcecode.swift</string>
			<key>path</key>
			<string>PubNubService.swift</string>
			<key>sourceTree</key>
			<string>&lt;group&gt;</string>
		</dict>
		<key>7033584819E462A20030CF11</key>
		<dict>
			<key>fileRef</key>
			<string>7033584719E462A20030CF11</string>
			<key>isa</key>
			<string>PBXBuildFile</string>
		</dict>
		<key>704E110A19D08E3C00D2BB88</key>
		<dict>
			<key>children</key>
			<array>
				<string>7A0D6CED19D4961C00E39A1B</string>
				<string>7A11791E19DA07B60086A66B</string>
				<string>7A1892CA19D1E9370026E641</string>
				<string>704E110D19D0934700D2BB88</string>
				<string>7056FE5819D8827600BD6571</string>
				<string>7A0D6CEC19D4961700E39A1B</string>
				<string>7A9619E419DC2A55005E4343</string>
				<string>70BD0E7019E30C5100FE8652</string>
				<string>7AB1683619E31951004E2162</string>
				<string>7056FE5419D859DB00BD6571</string>
				<string>57A3A6BF19D5E4C00043790E</string>
				<string>70B560A019D995D500FE4C34</string>
				<string>7A9619DB19DB2976005E4343</string>
			</array>
			<key>isa</key>
			<string>PBXGroup</string>
			<key>name</key>
			<string>Controller</string>
			<key>sourceTree</key>
			<string>&lt;group&gt;</string>
		</dict>
		<key>704E110B19D08E4700D2BB88</key>
		<dict>
			<key>children</key>
			<array>
				<string>7AD93F8C19E4B677009CC59A</string>
				<string>7A28ADC019D4428A00887831</string>
				<string>7A1892C919D1E9210026E641</string>
				<string>704E111019D0936800D2BB88</string>
				<string>7056FE5719D8822F00BD6571</string>
				<string>7033584419E415E60030CF11</string>
				<string>7A9619E719DC2CD9005E4343</string>
				<string>70BD0E6D19E30A3A00FE8652</string>
				<string>7AB1683919E319C7004E2162</string>
				<string>7056FE5119D8598C00BD6571</string>
				<string>57A3A6BC19D5E2E70043790E</string>
				<string>70B560A319D996B900FE4C34</string>
			</array>
			<key>isa</key>
			<string>PBXGroup</string>
			<key>name</key>
			<string>View</string>
			<key>sourceTree</key>
			<string>&lt;group&gt;</string>
		</dict>
		<key>704E110C19D08E7B00D2BB88</key>
		<dict>
			<key>children</key>
			<array>
				<string>7A556DE019E767BB003CC308</string>
				<string>7A556DD719E764E0003CC308</string>
				<string>70FD4E7719D064450024EBDB</string>
				<string>7A9DE20219EC8C0E00F3E0C2</string>
			</array>
			<key>isa</key>
			<string>PBXGroup</string>
			<key>name</key>
			<string>CoreData</string>
			<key>sourceTree</key>
			<string>&lt;group&gt;</string>
		</dict>
		<key>704E110D19D0934700D2BB88</key>
		<dict>
			<key>children</key>
			<array>
				<string>A2D60FCA19E45EEA001C92A0</string>
				<string>A2D60FCB19E45EEA001C92A0</string>
				<string>70FD4E7A19D064450024EBDB</string>
				<string>A2124E9519DB24B900631FE0</string>
			</array>
			<key>isa</key>
			<string>PBXGroup</string>
			<key>name</key>
			<string>Login</string>
			<key>sourceTree</key>
			<string>&lt;group&gt;</string>
		</dict>
		<key>704E110E19D0935F00D2BB88</key>
		<dict>
			<key>fileEncoding</key>
			<string>4</string>
			<key>isa</key>
			<string>PBXFileReference</string>
			<key>lastKnownFileType</key>
			<string>sourcecode.swift</string>
			<key>path</key>
			<string>LoginView.swift</string>
			<key>sourceTree</key>
			<string>&lt;group&gt;</string>
			<key>tabWidth</key>
			<string>3</string>
		</dict>
		<key>704E110F19D0935F00D2BB88</key>
		<dict>
			<key>fileRef</key>
			<string>704E110E19D0935F00D2BB88</string>
			<key>isa</key>
			<string>PBXBuildFile</string>
		</dict>
		<key>704E111019D0936800D2BB88</key>
		<dict>
			<key>children</key>
			<array>
				<string>A2D60FCF19E45EFF001C92A0</string>
				<string>A2D60FD019E45EFF001C92A0</string>
				<string>704E110E19D0935F00D2BB88</string>
				<string>A2124E9719DB268C00631FE0</string>
				<string>A2124E9919DB269700631FE0</string>
			</array>
			<key>isa</key>
			<string>PBXGroup</string>
			<key>name</key>
			<string>Login</string>
			<key>sourceTree</key>
			<string>&lt;group&gt;</string>
		</dict>
		<key>704E111319D0ACAB00D2BB88</key>
		<dict>
			<key>fileEncoding</key>
			<string>4</string>
			<key>isa</key>
			<string>PBXFileReference</string>
			<key>lastKnownFileType</key>
			<string>sourcecode.swift</string>
			<key>path</key>
			<string>UIColorExtensions.swift</string>
			<key>sourceTree</key>
			<string>&lt;group&gt;</string>
		</dict>
		<key>704E111419D0ACAB00D2BB88</key>
		<dict>
			<key>fileRef</key>
			<string>704E111319D0ACAB00D2BB88</string>
			<key>isa</key>
			<string>PBXBuildFile</string>
		</dict>
		<key>704E111519D0ACAF00D2BB88</key>
		<dict>
			<key>children</key>
			<array>
				<string>70B7695D19E6FF1000CAA9A9</string>
				<string>704E111319D0ACAB00D2BB88</string>
				<string>5741569E19D33F30006F0A2F</string>
				<string>708E2E9519D1EF2F0076C3E4</string>
				<string>7A6D3C9819D2058500057058</string>
				<string>7A0D6CEA19D452C500E39A1B</string>
				<string>7A9619DF19DB82EF005E4343</string>
				<string>7A9619E019DB82EF005E4343</string>
				<string>7A9619E219DB85D4005E4343</string>
				<string>7A2B13F219DD91CF00C6ABF3</string>
				<string>7AB946D719DED95900779C73</string>
				<string>7AD93F9319E574B6009CC59A</string>
				<string>70B7695819E6C1E900CAA9A9</string>
			</array>
			<key>isa</key>
			<string>PBXGroup</string>
			<key>name</key>
			<string>Extensions</string>
			<key>sourceTree</key>
			<string>&lt;group&gt;</string>
		</dict>
		<key>7056FE4F19D8598600BD6571</key>
		<dict>
			<key>fileEncoding</key>
			<string>4</string>
			<key>isa</key>
			<string>PBXFileReference</string>
			<key>lastKnownFileType</key>
			<string>sourcecode.swift</string>
			<key>path</key>
			<string>TermsOfUseView.swift</string>
			<key>sourceTree</key>
			<string>&lt;group&gt;</string>
		</dict>
		<key>7056FE5019D8598600BD6571</key>
		<dict>
			<key>fileRef</key>
			<string>7056FE4F19D8598600BD6571</string>
			<key>isa</key>
			<string>PBXBuildFile</string>
		</dict>
		<key>7056FE5119D8598C00BD6571</key>
		<dict>
			<key>children</key>
			<array>
				<string>7056FE4F19D8598600BD6571</string>
			</array>
			<key>isa</key>
			<string>PBXGroup</string>
			<key>name</key>
			<string>Terms Of Use</string>
			<key>sourceTree</key>
			<string>&lt;group&gt;</string>
		</dict>
		<key>7056FE5219D859D700BD6571</key>
		<dict>
			<key>fileEncoding</key>
			<string>4</string>
			<key>isa</key>
			<string>PBXFileReference</string>
			<key>lastKnownFileType</key>
			<string>sourcecode.swift</string>
			<key>path</key>
			<string>TermsOfUseViewController.swift</string>
			<key>sourceTree</key>
			<string>&lt;group&gt;</string>
		</dict>
		<key>7056FE5419D859DB00BD6571</key>
		<dict>
			<key>children</key>
			<array>
				<string>7056FE5219D859D700BD6571</string>
			</array>
			<key>isa</key>
			<string>PBXGroup</string>
			<key>name</key>
			<string>Terms Of Use</string>
			<key>sourceTree</key>
			<string>&lt;group&gt;</string>
		</dict>
		<key>7056FE5519D8822900BD6571</key>
		<dict>
			<key>fileEncoding</key>
			<string>4</string>
			<key>isa</key>
			<string>PBXFileReference</string>
			<key>lastKnownFileType</key>
			<string>sourcecode.swift</string>
			<key>path</key>
			<string>PrivacyPolicyView.swift</string>
			<key>sourceTree</key>
			<string>&lt;group&gt;</string>
		</dict>
		<key>7056FE5619D8822900BD6571</key>
		<dict>
			<key>fileRef</key>
			<string>7056FE5519D8822900BD6571</string>
			<key>isa</key>
			<string>PBXBuildFile</string>
		</dict>
		<key>7056FE5719D8822F00BD6571</key>
		<dict>
			<key>children</key>
			<array>
				<string>7056FE5519D8822900BD6571</string>
			</array>
			<key>isa</key>
			<string>PBXGroup</string>
			<key>name</key>
			<string>Privacy Policy</string>
			<key>sourceTree</key>
			<string>&lt;group&gt;</string>
		</dict>
		<key>7056FE5819D8827600BD6571</key>
		<dict>
			<key>children</key>
			<array>
				<string>7056FE5919D882DE00BD6571</string>
			</array>
			<key>isa</key>
			<string>PBXGroup</string>
			<key>name</key>
			<string>Privacy Policy</string>
			<key>sourceTree</key>
			<string>&lt;group&gt;</string>
		</dict>
		<key>7056FE5919D882DE00BD6571</key>
		<dict>
			<key>fileEncoding</key>
			<string>4</string>
			<key>isa</key>
			<string>PBXFileReference</string>
			<key>lastKnownFileType</key>
			<string>sourcecode.swift</string>
			<key>path</key>
			<string>PrivacyPolicyController.swift</string>
			<key>sourceTree</key>
			<string>&lt;group&gt;</string>
		</dict>
		<key>7056FE5A19D882DE00BD6571</key>
		<dict>
			<key>fileRef</key>
			<string>7056FE5919D882DE00BD6571</string>
			<key>isa</key>
			<string>PBXBuildFile</string>
		</dict>
		<key>708E2E9519D1EF2F0076C3E4</key>
		<dict>
			<key>fileEncoding</key>
			<string>4</string>
			<key>isa</key>
			<string>PBXFileReference</string>
			<key>lastKnownFileType</key>
			<string>sourcecode.swift</string>
			<key>path</key>
			<string>UIFontExtensions.swift</string>
			<key>sourceTree</key>
			<string>&lt;group&gt;</string>
		</dict>
		<key>708E2E9619D1EF2F0076C3E4</key>
		<dict>
			<key>fileRef</key>
			<string>708E2E9519D1EF2F0076C3E4</string>
			<key>isa</key>
			<string>PBXBuildFile</string>
		</dict>
		<key>70B560A019D995D500FE4C34</key>
		<dict>
			<key>children</key>
			<array>
				<string>70B560A119D995E600FE4C34</string>
			</array>
			<key>isa</key>
			<string>PBXGroup</string>
			<key>name</key>
			<string>Web View</string>
			<key>sourceTree</key>
			<string>&lt;group&gt;</string>
		</dict>
		<key>70B560A119D995E600FE4C34</key>
		<dict>
			<key>fileEncoding</key>
			<string>4</string>
			<key>isa</key>
			<string>PBXFileReference</string>
			<key>lastKnownFileType</key>
			<string>sourcecode.swift</string>
			<key>path</key>
			<string>MugChatWebViewController.swift</string>
			<key>sourceTree</key>
			<string>&lt;group&gt;</string>
		</dict>
		<key>70B560A219D995E600FE4C34</key>
		<dict>
			<key>fileRef</key>
			<string>70B560A119D995E600FE4C34</string>
			<key>isa</key>
			<string>PBXBuildFile</string>
		</dict>
		<key>70B560A319D996B900FE4C34</key>
		<dict>
			<key>children</key>
			<array>
				<string>70B560A419D996F000FE4C34</string>
			</array>
			<key>isa</key>
			<string>PBXGroup</string>
			<key>name</key>
			<string>Web View</string>
			<key>sourceTree</key>
			<string>&lt;group&gt;</string>
		</dict>
		<key>70B560A419D996F000FE4C34</key>
		<dict>
			<key>fileEncoding</key>
			<string>4</string>
			<key>isa</key>
			<string>PBXFileReference</string>
			<key>lastKnownFileType</key>
			<string>sourcecode.swift</string>
			<key>path</key>
			<string>MugChatWebView.swift</string>
			<key>sourceTree</key>
			<string>&lt;group&gt;</string>
		</dict>
		<key>70B560A519D996F000FE4C34</key>
		<dict>
			<key>fileRef</key>
			<string>70B560A419D996F000FE4C34</string>
			<key>isa</key>
			<string>PBXBuildFile</string>
		</dict>
		<key>70B7695819E6C1E900CAA9A9</key>
		<dict>
			<key>fileEncoding</key>
			<string>4</string>
			<key>isa</key>
			<string>PBXFileReference</string>
			<key>lastKnownFileType</key>
			<string>sourcecode.swift</string>
			<key>path</key>
			<string>UIImagePickerController+StatusBarLight.swift</string>
			<key>sourceTree</key>
			<string>&lt;group&gt;</string>
		</dict>
		<key>70B7695919E6C1E900CAA9A9</key>
		<dict>
			<key>fileRef</key>
			<string>70B7695819E6C1E900CAA9A9</string>
			<key>isa</key>
			<string>PBXBuildFile</string>
		</dict>
		<key>70B7695A19E6EE9700CAA9A9</key>
		<dict>
			<key>children</key>
			<array>
				<string>70B7695B19E6EEA400CAA9A9</string>
			</array>
			<key>isa</key>
			<string>PBXGroup</string>
			<key>name</key>
			<string>Model</string>
			<key>sourceTree</key>
			<string>&lt;group&gt;</string>
		</dict>
		<key>70B7695B19E6EEA400CAA9A9</key>
		<dict>
			<key>fileEncoding</key>
			<string>4</string>
			<key>isa</key>
			<string>PBXFileReference</string>
			<key>lastKnownFileType</key>
			<string>sourcecode.swift</string>
			<key>path</key>
			<string>MugMessage.swift</string>
			<key>sourceTree</key>
			<string>&lt;group&gt;</string>
		</dict>
		<key>70B7695C19E6EEA400CAA9A9</key>
		<dict>
			<key>fileRef</key>
			<string>70B7695B19E6EEA400CAA9A9</string>
			<key>isa</key>
			<string>PBXBuildFile</string>
		</dict>
		<key>70B7695D19E6FF1000CAA9A9</key>
		<dict>
			<key>children</key>
			<array>
				<string>574156A919D4A05F006F0A2F</string>
			</array>
			<key>isa</key>
			<string>PBXGroup</string>
			<key>name</key>
			<string>SwiftyJSON</string>
			<key>sourceTree</key>
			<string>&lt;group&gt;</string>
		</dict>
		<key>70B7696019E7069F00CAA9A9</key>
		<dict>
			<key>children</key>
			<array>
				<string>70B7696119E706B100CAA9A9</string>
			</array>
			<key>isa</key>
			<string>PBXGroup</string>
			<key>name</key>
			<string>Receiver</string>
			<key>sourceTree</key>
			<string>&lt;group&gt;</string>
		</dict>
		<key>70B7696119E706B100CAA9A9</key>
		<dict>
			<key>fileEncoding</key>
			<string>4</string>
			<key>isa</key>
			<string>PBXFileReference</string>
			<key>lastKnownFileType</key>
			<string>sourcecode.swift</string>
			<key>path</key>
			<string>MessageReceiver.swift</string>
			<key>sourceTree</key>
			<string>&lt;group&gt;</string>
		</dict>
		<key>70B7696219E706B100CAA9A9</key>
		<dict>
			<key>fileRef</key>
			<string>70B7696119E706B100CAA9A9</string>
			<key>isa</key>
			<string>PBXBuildFile</string>
		</dict>
		<key>70BD0E6D19E30A3A00FE8652</key>
		<dict>
			<key>children</key>
			<array>
				<string>70BD0E6E19E30A4A00FE8652</string>
			</array>
			<key>isa</key>
			<string>PBXGroup</string>
			<key>name</key>
			<string>Splash Screen</string>
			<key>sourceTree</key>
			<string>&lt;group&gt;</string>
		</dict>
		<key>70BD0E6E19E30A4A00FE8652</key>
		<dict>
			<key>fileEncoding</key>
			<string>4</string>
			<key>isa</key>
			<string>PBXFileReference</string>
			<key>lastKnownFileType</key>
			<string>sourcecode.swift</string>
			<key>path</key>
			<string>SplashScreenView.swift</string>
			<key>sourceTree</key>
			<string>&lt;group&gt;</string>
		</dict>
		<key>70BD0E6F19E30A4A00FE8652</key>
		<dict>
			<key>fileRef</key>
			<string>70BD0E6E19E30A4A00FE8652</string>
			<key>isa</key>
			<string>PBXBuildFile</string>
		</dict>
		<key>70BD0E7019E30C5100FE8652</key>
		<dict>
			<key>children</key>
			<array>
				<string>70BD0E7119E30C6300FE8652</string>
			</array>
			<key>isa</key>
			<string>PBXGroup</string>
			<key>name</key>
			<string>Splash Screen</string>
			<key>sourceTree</key>
			<string>&lt;group&gt;</string>
		</dict>
		<key>70BD0E7119E30C6300FE8652</key>
		<dict>
			<key>fileEncoding</key>
			<string>4</string>
			<key>isa</key>
			<string>PBXFileReference</string>
			<key>lastKnownFileType</key>
			<string>sourcecode.swift</string>
			<key>path</key>
			<string>SplashScreenViewController.swift</string>
			<key>sourceTree</key>
			<string>&lt;group&gt;</string>
		</dict>
		<key>70BD0E7219E30C6300FE8652</key>
		<dict>
			<key>fileRef</key>
			<string>70BD0E7119E30C6300FE8652</string>
			<key>isa</key>
			<string>PBXBuildFile</string>
		</dict>
		<key>70CA340D19D06E3D00995A19</key>
		<dict>
			<key>fileEncoding</key>
			<string>4</string>
			<key>isa</key>
			<string>PBXFileReference</string>
			<key>lastKnownFileType</key>
			<string>sourcecode.c.h</string>
			<key>path</key>
			<string>ObjectiveCHeaders.h</string>
			<key>sourceTree</key>
			<string>&lt;group&gt;</string>
		</dict>
		<key>70FD4E6719D064450024EBDB</key>
		<dict>
			<key>children</key>
			<array>
				<string>70FD4E7219D064450024EBDB</string>
				<string>57D2A08F19D310C000FA729D</string>
				<string>70FD4E7119D064450024EBDB</string>
				<string>EC5A81A5795A49A3B7523B70</string>
				<string>F7C1F4A6A883BC105DD3A82D</string>
			</array>
			<key>isa</key>
			<string>PBXGroup</string>
			<key>sourceTree</key>
			<string>&lt;group&gt;</string>
		</dict>
		<key>70FD4E6819D064450024EBDB</key>
		<dict>
			<key>attributes</key>
			<dict>
				<key>LastUpgradeCheck</key>
				<string>0600</string>
			</dict>
			<key>buildConfigurationList</key>
			<string>70FD4E6B19D064450024EBDB</string>
			<key>compatibilityVersion</key>
			<string>Xcode 3.2</string>
			<key>developmentRegion</key>
			<string>English</string>
			<key>hasScannedForEncodings</key>
			<string>0</string>
			<key>isa</key>
			<string>PBXProject</string>
			<key>knownRegions</key>
			<array>
				<string>en</string>
			</array>
			<key>mainGroup</key>
			<string>70FD4E6719D064450024EBDB</string>
			<key>productRefGroup</key>
			<string>70FD4E7119D064450024EBDB</string>
			<key>projectDirPath</key>
			<string></string>
			<key>projectReferences</key>
			<array/>
			<key>projectRoot</key>
			<string></string>
			<key>targets</key>
			<array>
				<string>70FD4E6F19D064450024EBDB</string>
			</array>
		</dict>
		<key>70FD4E6B19D064450024EBDB</key>
		<dict>
			<key>buildConfigurations</key>
			<array>
				<string>70FD4E9019D064450024EBDB</string>
				<string>70FD4E9119D064450024EBDB</string>
				<string>C31F49D319D485EF005DADD4</string>
			</array>
			<key>defaultConfigurationIsVisible</key>
			<string>0</string>
			<key>defaultConfigurationName</key>
			<string>Release</string>
			<key>isa</key>
			<string>XCConfigurationList</string>
		</dict>
		<key>70FD4E6C19D064450024EBDB</key>
		<dict>
			<key>buildActionMask</key>
			<string>2147483647</string>
			<key>files</key>
			<array>
				<string>A2124E9619DB24B900631FE0</string>
				<string>A2124E9819DB268C00631FE0</string>
				<string>5741569F19D33F30006F0A2F</string>
				<string>70FD4E7B19D064450024EBDB</string>
				<string>7A8A964F19E2323300FB5515</string>
				<string>7AD93F9019E4B805009CC59A</string>
				<string>7AD93F9219E56D41009CC59A</string>
				<string>70B7695C19E6EEA400CAA9A9</string>
				<string>7A9619E319DB85D4005E4343</string>
				<string>70B7696219E706B100CAA9A9</string>
				<string>574156AA19D4A05F006F0A2F</string>
				<string>7A6B2C3119ECB4A40093085C</string>
				<string>57EECE4919DB510D0066BEE7</string>
				<string>7A556DE419E7684F003CC308</string>
				<string>7A6B2C2E19ECB4A40093085C</string>
				<string>7A8A964D19E1F3CF00FB5515</string>
				<string>7A9619E119DB82EF005E4343</string>
				<string>7AB1685819E32CD2004E2162</string>
				<string>7AD93FA719E62F4E009CC59A</string>
				<string>574156A219D34F2B006F0A2F</string>
				<string>7A11791D19DA03980086A66B</string>
				<string>A216D3DA19E708E800AD10DB</string>
				<string>7AD93FA019E62530009CC59A</string>
				<string>7A11792219DA07F30086A66B</string>
				<string>7AFA470919E74B9700D2E3D2</string>
				<string>7A1892CC19D1E97A0026E641</string>
				<string>7A9619EB19DC3C7D005E4343</string>
				<string>7A556DE819E7686A003CC308</string>
				<string>7AB1683B19E319DB004E2162</string>
				<string>7AB946DC19DF35E700779C73</string>
				<string>7A6D3C9919D2058500057058</string>
				<string>7A0D6CF119D4966700E39A1B</string>
				<string>5753BF4319D8974200E37216</string>
				<string>70FD4E7619D064450024EBDB</string>
				<string>7A11792419DA08800086A66B</string>
				<string>708E2E9619D1EF2F0076C3E4</string>
				<string>A2D60FD219E45EFF001C92A0</string>
				<string>704E110F19D0935F00D2BB88</string>
				<string>7056FE5019D8598600BD6571</string>
				<string>5707186719D1AF110069064F</string>
				<string>7033584619E4160B0030CF11</string>
				<string>70B7695919E6C1E900CAA9A9</string>
				<string>7A0D6CEB19D452C500E39A1B</string>
				<string>7056FE5A19D882DE00BD6571</string>
				<string>7056FE5619D8822900BD6571</string>
				<string>7AD93F9419E574B6009CC59A</string>
				<string>A2D60FCC19E45EEA001C92A0</string>
				<string>7A27FA5119D58DFE005104A9</string>
				<string>7AB1683D19E31B8E004E2162</string>
				<string>57EECE4719DB50390066BEE7</string>
				<string>7A9619E619DC2A7A005E4343</string>
				<string>7AFB0B6819D5ABB900634C4B</string>
				<string>70FD4E7919D064450024EBDB</string>
				<string>7A556DE219E767EE003CC308</string>
				<string>A216D3D919E708E800AD10DB</string>
				<string>57E3763E19DC715F0060AAA8</string>
				<string>7A9DE20319EC8C0E00F3E0C2</string>
				<string>57A3A6BE19D5E3160043790E</string>
				<string>57E3763C19DC57970060AAA8</string>
				<string>7AB946DA19DEF1CC00779C73</string>
				<string>5707186519D1AEBB0069064F</string>
				<string>704E111419D0ACAB00D2BB88</string>
				<string>7AB1683819E3196E004E2162</string>
				<string>A2D60FCD19E45EEA001C92A0</string>
				<string>7A9619F019DC3F01005E4343</string>
				<string>7A9619DC19DB2976005E4343</string>
				<string>A2124E9A19DB269700631FE0</string>
				<string>70B560A219D995E600FE4C34</string>
				<string>70BD0E6F19E30A4A00FE8652</string>
				<string>7A6B2C3419ECB4A40093085C</string>
				<string>70BD0E7219E30C6300FE8652</string>
				<string>7033584819E462A20030CF11</string>
				<string>7A6B2C3719ECB4A40093085C</string>
				<string>7A556DE619E7685C003CC308</string>
				<string>7A2B13F319DD91CF00C6ABF3</string>
				<string>7024C19419DC6B85008EF445</string>
				<string>A2D60FD319E45EFF001C92A0</string>
				<string>57A3A6C119D5E4D90043790E</string>
				<string>7A0D6CEF19D4963100E39A1B</string>
				<string>7AB946D819DED95900779C73</string>
				<string>70B560A519D996F000FE4C34</string>
				<string>7A9619E919DC2CF0005E4343</string>
				<string>7AD93FA919E6BBAA009CC59A</string>
				<string>70057E9419DADF59004343ED</string>
				<string>7AD93F8E19E4B705009CC59A</string>
				<string>7A76C68919D303F500D0ACA7</string>
				<string>5784778F19DDB9530063A543</string>
				<string>7A1892CE19D1EE050026E641</string>
			</array>
			<key>isa</key>
			<string>PBXSourcesBuildPhase</string>
			<key>runOnlyForDeploymentPostprocessing</key>
			<string>0</string>
		</dict>
		<key>70FD4E6D19D064450024EBDB</key>
		<dict>
			<key>buildActionMask</key>
			<string>2147483647</string>
			<key>files</key>
			<array>
				<string>7AB1685A19E32DE3004E2162</string>
				<string>ECAABC603EEC4666A01F7818</string>
			</array>
			<key>isa</key>
			<string>PBXFrameworksBuildPhase</string>
			<key>runOnlyForDeploymentPostprocessing</key>
			<string>0</string>
		</dict>
		<key>70FD4E6E19D064450024EBDB</key>
		<dict>
			<key>buildActionMask</key>
			<string>2147483647</string>
			<key>files</key>
			<array>
				<string>70FD4E8019D064450024EBDB</string>
			</array>
			<key>isa</key>
			<string>PBXResourcesBuildPhase</string>
			<key>runOnlyForDeploymentPostprocessing</key>
			<string>0</string>
		</dict>
		<key>70FD4E6F19D064450024EBDB</key>
		<dict>
			<key>buildConfigurationList</key>
			<string>70FD4E9219D064450024EBDB</string>
			<key>buildPhases</key>
			<array>
				<string>5703BC6994854CA9A34690DC</string>
				<string>70FD4E6C19D064450024EBDB</string>
				<string>70FD4E6D19D064450024EBDB</string>
				<string>70FD4E6E19D064450024EBDB</string>
				<string>3628194CFFFD4347B72D4904</string>
			</array>
			<key>buildRules</key>
			<array/>
			<key>dependencies</key>
			<array/>
			<key>isa</key>
			<string>PBXNativeTarget</string>
			<key>name</key>
			<string>mugchat</string>
			<key>productName</key>
			<string>mugchat</string>
			<key>productReference</key>
			<string>70FD4E7019D064450024EBDB</string>
			<key>productType</key>
			<string>com.apple.product-type.application</string>
		</dict>
		<key>70FD4E7019D064450024EBDB</key>
		<dict>
			<key>explicitFileType</key>
			<string>wrapper.application</string>
			<key>includeInIndex</key>
			<string>0</string>
			<key>isa</key>
			<string>PBXFileReference</string>
			<key>path</key>
			<string>mugchat.app</string>
			<key>sourceTree</key>
			<string>BUILT_PRODUCTS_DIR</string>
		</dict>
		<key>70FD4E7119D064450024EBDB</key>
		<dict>
			<key>children</key>
			<array>
				<string>70FD4E7019D064450024EBDB</string>
			</array>
			<key>isa</key>
			<string>PBXGroup</string>
			<key>name</key>
			<string>Products</string>
			<key>sourceTree</key>
			<string>&lt;group&gt;</string>
		</dict>
		<key>70FD4E7219D064450024EBDB</key>
		<dict>
			<key>children</key>
			<array>
				<string>70FD4E7519D064450024EBDB</string>
				<string>7AB1685519E32CB0004E2162</string>
				<string>704E110A19D08E3C00D2BB88</string>
				<string>704E110C19D08E7B00D2BB88</string>
				<string>704E111519D0ACAF00D2BB88</string>
				<string>70057E9219DADEB5004343ED</string>
				<string>5707185619D19D180069064F</string>
				<string>70FD4E7319D064450024EBDB</string>
				<string>704E110B19D08E4700D2BB88</string>
				<string>70FD4E7F19D064450024EBDB</string>
			</array>
			<key>isa</key>
			<string>PBXGroup</string>
			<key>path</key>
			<string>mugchat</string>
			<key>sourceTree</key>
			<string>&lt;group&gt;</string>
		</dict>
		<key>70FD4E7319D064450024EBDB</key>
		<dict>
			<key>children</key>
			<array>
				<string>70CA340D19D06E3D00995A19</string>
				<string>70FD4E7419D064450024EBDB</string>
			</array>
			<key>isa</key>
			<string>PBXGroup</string>
			<key>name</key>
			<string>Supporting Files</string>
			<key>sourceTree</key>
			<string>&lt;group&gt;</string>
		</dict>
		<key>70FD4E7419D064450024EBDB</key>
		<dict>
			<key>isa</key>
			<string>PBXFileReference</string>
			<key>lastKnownFileType</key>
			<string>text.plist.xml</string>
			<key>path</key>
			<string>Info.plist</string>
			<key>sourceTree</key>
			<string>&lt;group&gt;</string>
		</dict>
		<key>70FD4E7519D064450024EBDB</key>
		<dict>
			<key>isa</key>
			<string>PBXFileReference</string>
			<key>lastKnownFileType</key>
			<string>sourcecode.swift</string>
			<key>path</key>
			<string>AppDelegate.swift</string>
			<key>sourceTree</key>
			<string>&lt;group&gt;</string>
		</dict>
		<key>70FD4E7619D064450024EBDB</key>
		<dict>
			<key>fileRef</key>
			<string>70FD4E7519D064450024EBDB</string>
			<key>isa</key>
			<string>PBXBuildFile</string>
		</dict>
		<key>70FD4E7719D064450024EBDB</key>
		<dict>
			<key>children</key>
			<array>
				<string>70FD4E7819D064450024EBDB</string>
			</array>
			<key>currentVersion</key>
			<string>70FD4E7819D064450024EBDB</string>
			<key>isa</key>
			<string>XCVersionGroup</string>
			<key>path</key>
			<string>mugchat.xcdatamodeld</string>
			<key>sourceTree</key>
			<string>&lt;group&gt;</string>
			<key>versionGroupType</key>
			<string>wrapper.xcdatamodel</string>
		</dict>
		<key>70FD4E7819D064450024EBDB</key>
		<dict>
			<key>isa</key>
			<string>PBXFileReference</string>
			<key>lastKnownFileType</key>
			<string>wrapper.xcdatamodel</string>
			<key>path</key>
			<string>mugchat.xcdatamodel</string>
			<key>sourceTree</key>
			<string>&lt;group&gt;</string>
		</dict>
		<key>70FD4E7919D064450024EBDB</key>
		<dict>
			<key>fileRef</key>
			<string>70FD4E7719D064450024EBDB</string>
			<key>isa</key>
			<string>PBXBuildFile</string>
		</dict>
		<key>70FD4E7A19D064450024EBDB</key>
		<dict>
			<key>isa</key>
			<string>PBXFileReference</string>
			<key>lastKnownFileType</key>
			<string>sourcecode.swift</string>
			<key>path</key>
			<string>LoginViewController.swift</string>
			<key>sourceTree</key>
			<string>&lt;group&gt;</string>
		</dict>
		<key>70FD4E7B19D064450024EBDB</key>
		<dict>
			<key>fileRef</key>
			<string>70FD4E7A19D064450024EBDB</string>
			<key>isa</key>
			<string>PBXBuildFile</string>
		</dict>
		<key>70FD4E7F19D064450024EBDB</key>
		<dict>
			<key>isa</key>
			<string>PBXFileReference</string>
			<key>lastKnownFileType</key>
			<string>folder.assetcatalog</string>
			<key>path</key>
			<string>Images.xcassets</string>
			<key>sourceTree</key>
			<string>&lt;group&gt;</string>
		</dict>
		<key>70FD4E8019D064450024EBDB</key>
		<dict>
			<key>fileRef</key>
			<string>70FD4E7F19D064450024EBDB</string>
			<key>isa</key>
			<string>PBXBuildFile</string>
		</dict>
		<key>70FD4E9019D064450024EBDB</key>
		<dict>
			<key>buildSettings</key>
			<dict>
				<key>ALWAYS_SEARCH_USER_PATHS</key>
				<string>NO</string>
				<key>CLANG_CXX_LANGUAGE_STANDARD</key>
				<string>gnu++0x</string>
				<key>CLANG_CXX_LIBRARY</key>
				<string>libc++</string>
				<key>CLANG_ENABLE_MODULES</key>
				<string>YES</string>
				<key>CLANG_ENABLE_OBJC_ARC</key>
				<string>YES</string>
				<key>CLANG_WARN_BOOL_CONVERSION</key>
				<string>YES</string>
				<key>CLANG_WARN_CONSTANT_CONVERSION</key>
				<string>YES</string>
				<key>CLANG_WARN_DIRECT_OBJC_ISA_USAGE</key>
				<string>YES_ERROR</string>
				<key>CLANG_WARN_EMPTY_BODY</key>
				<string>YES</string>
				<key>CLANG_WARN_ENUM_CONVERSION</key>
				<string>YES</string>
				<key>CLANG_WARN_INT_CONVERSION</key>
				<string>YES</string>
				<key>CLANG_WARN_OBJC_ROOT_CLASS</key>
				<string>YES_ERROR</string>
				<key>CLANG_WARN_UNREACHABLE_CODE</key>
				<string>YES</string>
				<key>CLANG_WARN__DUPLICATE_METHOD_MATCH</key>
				<string>YES</string>
				<key>CODE_SIGN_IDENTITY[sdk=iphoneos*]</key>
				<string>iPhone Developer</string>
				<key>COPY_PHASE_STRIP</key>
				<string>NO</string>
				<key>ENABLE_STRICT_OBJC_MSGSEND</key>
				<string>YES</string>
				<key>GCC_C_LANGUAGE_STANDARD</key>
				<string>gnu99</string>
				<key>GCC_DYNAMIC_NO_PIC</key>
				<string>NO</string>
				<key>GCC_OPTIMIZATION_LEVEL</key>
				<string>0</string>
				<key>GCC_PREPROCESSOR_DEFINITIONS</key>
				<array>
					<string>DEBUG=1</string>
					<string>$(inherited)</string>
				</array>
				<key>GCC_SYMBOLS_PRIVATE_EXTERN</key>
				<string>NO</string>
				<key>GCC_WARN_64_TO_32_BIT_CONVERSION</key>
				<string>YES</string>
				<key>GCC_WARN_ABOUT_RETURN_TYPE</key>
				<string>YES_ERROR</string>
				<key>GCC_WARN_UNDECLARED_SELECTOR</key>
				<string>YES</string>
				<key>GCC_WARN_UNINITIALIZED_AUTOS</key>
				<string>YES_AGGRESSIVE</string>
				<key>GCC_WARN_UNUSED_FUNCTION</key>
				<string>YES</string>
				<key>GCC_WARN_UNUSED_VARIABLE</key>
				<string>YES</string>
				<key>IPHONEOS_DEPLOYMENT_TARGET</key>
				<string>7.0</string>
				<key>MTL_ENABLE_DEBUG_INFO</key>
				<string>YES</string>
				<key>ONLY_ACTIVE_ARCH</key>
				<string>YES</string>
				<key>SDKROOT</key>
				<string>iphoneos</string>
				<key>SWIFT_OPTIMIZATION_LEVEL</key>
				<string>-Onone</string>
			</dict>
			<key>isa</key>
			<string>XCBuildConfiguration</string>
			<key>name</key>
			<string>Debug</string>
		</dict>
		<key>70FD4E9119D064450024EBDB</key>
		<dict>
			<key>buildSettings</key>
			<dict>
				<key>ALWAYS_SEARCH_USER_PATHS</key>
				<string>NO</string>
				<key>CLANG_CXX_LANGUAGE_STANDARD</key>
				<string>gnu++0x</string>
				<key>CLANG_CXX_LIBRARY</key>
				<string>libc++</string>
				<key>CLANG_ENABLE_MODULES</key>
				<string>YES</string>
				<key>CLANG_ENABLE_OBJC_ARC</key>
				<string>YES</string>
				<key>CLANG_WARN_BOOL_CONVERSION</key>
				<string>YES</string>
				<key>CLANG_WARN_CONSTANT_CONVERSION</key>
				<string>YES</string>
				<key>CLANG_WARN_DIRECT_OBJC_ISA_USAGE</key>
				<string>YES_ERROR</string>
				<key>CLANG_WARN_EMPTY_BODY</key>
				<string>YES</string>
				<key>CLANG_WARN_ENUM_CONVERSION</key>
				<string>YES</string>
				<key>CLANG_WARN_INT_CONVERSION</key>
				<string>YES</string>
				<key>CLANG_WARN_OBJC_ROOT_CLASS</key>
				<string>YES_ERROR</string>
				<key>CLANG_WARN_UNREACHABLE_CODE</key>
				<string>YES</string>
				<key>CLANG_WARN__DUPLICATE_METHOD_MATCH</key>
				<string>YES</string>
				<key>CODE_SIGN_IDENTITY[sdk=iphoneos*]</key>
				<string>iPhone Developer</string>
				<key>COPY_PHASE_STRIP</key>
				<string>YES</string>
				<key>ENABLE_NS_ASSERTIONS</key>
				<string>NO</string>
				<key>ENABLE_STRICT_OBJC_MSGSEND</key>
				<string>YES</string>
				<key>GCC_C_LANGUAGE_STANDARD</key>
				<string>gnu99</string>
				<key>GCC_WARN_64_TO_32_BIT_CONVERSION</key>
				<string>YES</string>
				<key>GCC_WARN_ABOUT_RETURN_TYPE</key>
				<string>YES_ERROR</string>
				<key>GCC_WARN_UNDECLARED_SELECTOR</key>
				<string>YES</string>
				<key>GCC_WARN_UNINITIALIZED_AUTOS</key>
				<string>YES_AGGRESSIVE</string>
				<key>GCC_WARN_UNUSED_FUNCTION</key>
				<string>YES</string>
				<key>GCC_WARN_UNUSED_VARIABLE</key>
				<string>YES</string>
				<key>IPHONEOS_DEPLOYMENT_TARGET</key>
				<string>7.0</string>
				<key>MTL_ENABLE_DEBUG_INFO</key>
				<string>NO</string>
				<key>SDKROOT</key>
				<string>iphoneos</string>
				<key>VALIDATE_PRODUCT</key>
				<string>YES</string>
			</dict>
			<key>isa</key>
			<string>XCBuildConfiguration</string>
			<key>name</key>
			<string>Release</string>
		</dict>
		<key>70FD4E9219D064450024EBDB</key>
		<dict>
			<key>buildConfigurations</key>
			<array>
				<string>70FD4E9319D064450024EBDB</string>
				<string>70FD4E9419D064450024EBDB</string>
				<string>C31F49D419D485EF005DADD4</string>
			</array>
			<key>defaultConfigurationIsVisible</key>
			<string>0</string>
			<key>defaultConfigurationName</key>
			<string>Release</string>
			<key>isa</key>
			<string>XCConfigurationList</string>
		</dict>
		<key>70FD4E9319D064450024EBDB</key>
		<dict>
			<key>baseConfigurationReference</key>
			<string>8B391FD29BBD8E8F0D3CEC0C</string>
			<key>buildSettings</key>
			<dict>
				<key>ASSETCATALOG_COMPILER_APPICON_NAME</key>
				<string>AppIcon</string>
				<key>ASSETCATALOG_COMPILER_LAUNCHIMAGE_NAME</key>
				<string>LaunchImage</string>
				<key>CODE_SIGN_IDENTITY</key>
				<string>iPhone Developer</string>
				<key>CODE_SIGN_IDENTITY[sdk=iphoneos*]</key>
				<string>iPhone Developer</string>
				<key>INFOPLIST_FILE</key>
				<string>mugchat/Info.plist</string>
				<key>IPHONEOS_DEPLOYMENT_TARGET</key>
				<string>7.0</string>
				<key>LD_RUNPATH_SEARCH_PATHS</key>
				<string>$(inherited) @executable_path/Frameworks</string>
				<key>PRODUCT_NAME</key>
				<string>$(TARGET_NAME)</string>
				<key>PROVISIONING_PROFILE</key>
				<string></string>
				<key>SWIFT_OBJC_BRIDGING_HEADER</key>
				<string>mugchat/ObjectiveCHeaders.h</string>
			</dict>
			<key>isa</key>
			<string>XCBuildConfiguration</string>
			<key>name</key>
			<string>Debug</string>
		</dict>
		<key>70FD4E9419D064450024EBDB</key>
		<dict>
			<key>baseConfigurationReference</key>
			<string>C42F2704A96077C5800507B0</string>
			<key>buildSettings</key>
			<dict>
				<key>ASSETCATALOG_COMPILER_APPICON_NAME</key>
				<string>AppIcon</string>
				<key>ASSETCATALOG_COMPILER_LAUNCHIMAGE_NAME</key>
				<string>LaunchImage</string>
				<key>CODE_SIGN_IDENTITY</key>
				<string>iPhone Developer</string>
				<key>CODE_SIGN_IDENTITY[sdk=iphoneos*]</key>
				<string>iPhone Developer</string>
				<key>INFOPLIST_FILE</key>
				<string>mugchat/Info.plist</string>
				<key>IPHONEOS_DEPLOYMENT_TARGET</key>
				<string>7.0</string>
				<key>LD_RUNPATH_SEARCH_PATHS</key>
				<string>$(inherited) @executable_path/Frameworks</string>
				<key>PRODUCT_NAME</key>
				<string>$(TARGET_NAME)</string>
				<key>PROVISIONING_PROFILE</key>
				<string></string>
				<key>SWIFT_OBJC_BRIDGING_HEADER</key>
				<string>mugchat/ObjectiveCHeaders.h</string>
			</dict>
			<key>isa</key>
			<string>XCBuildConfiguration</string>
			<key>name</key>
			<string>Release</string>
		</dict>
		<key>7A0D6CEA19D452C500E39A1B</key>
		<dict>
			<key>fileEncoding</key>
			<string>4</string>
			<key>isa</key>
			<string>PBXFileReference</string>
			<key>lastKnownFileType</key>
			<string>sourcecode.swift</string>
			<key>name</key>
			<string>UIViewControllerExtensions.swift</string>
			<key>path</key>
			<string>Classes/UIViewControllerExtensions.swift</string>
			<key>sourceTree</key>
			<string>&lt;group&gt;</string>
		</dict>
		<key>7A0D6CEB19D452C500E39A1B</key>
		<dict>
			<key>fileRef</key>
			<string>7A0D6CEA19D452C500E39A1B</string>
			<key>isa</key>
			<string>PBXBuildFile</string>
		</dict>
		<key>7A0D6CEC19D4961700E39A1B</key>
		<dict>
			<key>children</key>
			<array>
				<string>7A0D6CEE19D4963100E39A1B</string>
			</array>
			<key>isa</key>
			<string>PBXGroup</string>
			<key>name</key>
			<string>Settings</string>
			<key>sourceTree</key>
			<string>&lt;group&gt;</string>
		</dict>
		<key>7A0D6CED19D4961C00E39A1B</key>
		<dict>
			<key>children</key>
			<array>
				<string>7A0D6CF019D4966700E39A1B</string>
			</array>
			<key>isa</key>
			<string>PBXGroup</string>
			<key>name</key>
			<string>Builder</string>
			<key>sourceTree</key>
			<string>&lt;group&gt;</string>
		</dict>
		<key>7A0D6CEE19D4963100E39A1B</key>
		<dict>
			<key>fileEncoding</key>
			<string>4</string>
			<key>isa</key>
			<string>PBXFileReference</string>
			<key>lastKnownFileType</key>
			<string>sourcecode.swift</string>
			<key>name</key>
			<string>SettingsViewController.swift</string>
			<key>path</key>
			<string>Classes/SettingsViewController.swift</string>
			<key>sourceTree</key>
			<string>&lt;group&gt;</string>
		</dict>
		<key>7A0D6CEF19D4963100E39A1B</key>
		<dict>
			<key>fileRef</key>
			<string>7A0D6CEE19D4963100E39A1B</string>
			<key>isa</key>
			<string>PBXBuildFile</string>
		</dict>
		<key>7A0D6CF019D4966700E39A1B</key>
		<dict>
			<key>fileEncoding</key>
			<string>4</string>
			<key>isa</key>
			<string>PBXFileReference</string>
			<key>lastKnownFileType</key>
			<string>sourcecode.swift</string>
			<key>name</key>
			<string>BuilderViewController.swift</string>
			<key>path</key>
			<string>Classes/BuilderViewController.swift</string>
			<key>sourceTree</key>
			<string>&lt;group&gt;</string>
		</dict>
		<key>7A0D6CF119D4966700E39A1B</key>
		<dict>
			<key>fileRef</key>
			<string>7A0D6CF019D4966700E39A1B</string>
			<key>isa</key>
			<string>PBXBuildFile</string>
		</dict>
		<key>7A11791C19DA03980086A66B</key>
		<dict>
			<key>fileEncoding</key>
			<string>4</string>
			<key>isa</key>
			<string>PBXFileReference</string>
			<key>lastKnownFileType</key>
			<string>sourcecode.swift</string>
			<key>name</key>
			<string>CustomNavigationBarDelegate.swift</string>
			<key>path</key>
			<string>Classes/CustomNavigationBarDelegate.swift</string>
			<key>sourceTree</key>
			<string>&lt;group&gt;</string>
		</dict>
		<key>7A11791D19DA03980086A66B</key>
		<dict>
			<key>fileRef</key>
			<string>7A11791C19DA03980086A66B</string>
			<key>isa</key>
			<string>PBXBuildFile</string>
		</dict>
		<key>7A11791E19DA07B60086A66B</key>
		<dict>
			<key>children</key>
			<array>
				<string>7A11792119DA07F30086A66B</string>
			</array>
			<key>isa</key>
			<string>PBXGroup</string>
			<key>name</key>
			<string>Compose</string>
			<key>sourceTree</key>
			<string>&lt;group&gt;</string>
		</dict>
		<key>7A11792119DA07F30086A66B</key>
		<dict>
			<key>fileEncoding</key>
			<string>4</string>
			<key>isa</key>
			<string>PBXFileReference</string>
			<key>lastKnownFileType</key>
			<string>sourcecode.swift</string>
			<key>name</key>
			<string>ComposeViewController.swift</string>
			<key>path</key>
			<string>Classes/ComposeViewController.swift</string>
			<key>sourceTree</key>
			<string>&lt;group&gt;</string>
		</dict>
		<key>7A11792219DA07F30086A66B</key>
		<dict>
			<key>fileRef</key>
			<string>7A11792119DA07F30086A66B</string>
			<key>isa</key>
			<string>PBXBuildFile</string>
		</dict>
		<key>7A11792319DA08800086A66B</key>
		<dict>
			<key>fileEncoding</key>
			<string>4</string>
			<key>isa</key>
			<string>PBXFileReference</string>
			<key>lastKnownFileType</key>
			<string>sourcecode.swift</string>
			<key>name</key>
			<string>InboxViewDelegate.swift</string>
			<key>path</key>
			<string>Classes/InboxViewDelegate.swift</string>
			<key>sourceTree</key>
			<string>&lt;group&gt;</string>
		</dict>
		<key>7A11792419DA08800086A66B</key>
		<dict>
			<key>fileRef</key>
			<string>7A11792319DA08800086A66B</string>
			<key>isa</key>
			<string>PBXBuildFile</string>
		</dict>
		<key>7A1892C919D1E9210026E641</key>
		<dict>
			<key>children</key>
			<array>
				<string>7A76C68819D303F500D0ACA7</string>
				<string>7A11792319DA08800086A66B</string>
				<string>7A1892CD19D1EE050026E641</string>
			</array>
			<key>isa</key>
			<string>PBXGroup</string>
			<key>name</key>
			<string>Inbox</string>
			<key>sourceTree</key>
			<string>&lt;group&gt;</string>
		</dict>
		<key>7A1892CA19D1E9370026E641</key>
		<dict>
			<key>children</key>
			<array>
				<string>7A1892CB19D1E97A0026E641</string>
			</array>
			<key>isa</key>
			<string>PBXGroup</string>
			<key>name</key>
			<string>Inbox</string>
			<key>sourceTree</key>
			<string>&lt;group&gt;</string>
		</dict>
		<key>7A1892CB19D1E97A0026E641</key>
		<dict>
			<key>fileEncoding</key>
			<string>4</string>
			<key>isa</key>
			<string>PBXFileReference</string>
			<key>lastKnownFileType</key>
			<string>sourcecode.swift</string>
			<key>name</key>
			<string>InboxViewController.swift</string>
			<key>path</key>
			<string>Classes/InboxViewController.swift</string>
			<key>sourceTree</key>
			<string>&lt;group&gt;</string>
		</dict>
		<key>7A1892CC19D1E97A0026E641</key>
		<dict>
			<key>fileRef</key>
			<string>7A1892CB19D1E97A0026E641</string>
			<key>isa</key>
			<string>PBXBuildFile</string>
		</dict>
		<key>7A1892CD19D1EE050026E641</key>
		<dict>
			<key>fileEncoding</key>
			<string>4</string>
			<key>isa</key>
			<string>PBXFileReference</string>
			<key>lastKnownFileType</key>
			<string>sourcecode.swift</string>
			<key>name</key>
			<string>ConversationTableViewCell.swift</string>
			<key>path</key>
			<string>Classes/ConversationTableViewCell.swift</string>
			<key>sourceTree</key>
			<string>&lt;group&gt;</string>
		</dict>
		<key>7A1892CE19D1EE050026E641</key>
		<dict>
			<key>fileRef</key>
			<string>7A1892CD19D1EE050026E641</string>
			<key>isa</key>
			<string>PBXBuildFile</string>
		</dict>
		<key>7A27FA5019D58DFE005104A9</key>
		<dict>
			<key>fileEncoding</key>
			<string>4</string>
			<key>isa</key>
			<string>PBXFileReference</string>
			<key>lastKnownFileType</key>
			<string>sourcecode.swift</string>
			<key>name</key>
			<string>CustomNavigationBar.swift</string>
			<key>path</key>
			<string>Classes/CustomNavigationBar.swift</string>
			<key>sourceTree</key>
			<string>&lt;group&gt;</string>
		</dict>
		<key>7A27FA5119D58DFE005104A9</key>
		<dict>
			<key>fileRef</key>
			<string>7A27FA5019D58DFE005104A9</string>
			<key>isa</key>
			<string>PBXBuildFile</string>
		</dict>
		<key>7A28ADC019D4428A00887831</key>
		<dict>
			<key>children</key>
			<array>
				<string>7A9619ED19DC3EE3005E4343</string>
				<string>7A9619EC19DC3ED5005E4343</string>
				<string>7AD93FA119E62535009CC59A</string>
				<string>A216D3D619E708A900AD10DB</string>
				<string>7A9619EE19DC3EEF005E4343</string>
				<string>7AD93FA819E6BBAA009CC59A</string>
			</array>
			<key>isa</key>
			<string>PBXGroup</string>
			<key>name</key>
			<string>Custom</string>
			<key>sourceTree</key>
			<string>&lt;group&gt;</string>
		</dict>
		<key>7A2B13F219DD91CF00C6ABF3</key>
		<dict>
			<key>fileEncoding</key>
			<string>4</string>
			<key>isa</key>
			<string>PBXFileReference</string>
			<key>lastKnownFileType</key>
			<string>sourcecode.swift</string>
			<key>name</key>
			<string>UIButtonExtensions.swift</string>
			<key>path</key>
			<string>Classes/UIButtonExtensions.swift</string>
			<key>sourceTree</key>
			<string>&lt;group&gt;</string>
		</dict>
		<key>7A2B13F319DD91CF00C6ABF3</key>
		<dict>
			<key>fileRef</key>
			<string>7A2B13F219DD91CF00C6ABF3</string>
			<key>isa</key>
			<string>PBXBuildFile</string>
		</dict>
		<key>7A556DD719E764E0003CC308</key>
		<dict>
			<key>children</key>
			<array>
				<string>7A6B2C3519ECB4A40093085C</string>
				<string>7A6B2C3619ECB4A40093085C</string>
				<string>7A6B2C3219ECB4A40093085C</string>
				<string>7A6B2C3319ECB4A40093085C</string>
				<string>7A6B2C2F19ECB4A40093085C</string>
				<string>7A6B2C3019ECB4A40093085C</string>
				<string>7A6B2C2C19ECB4A40093085C</string>
				<string>7A6B2C2D19ECB4A40093085C</string>
			</array>
			<key>isa</key>
			<string>PBXGroup</string>
			<key>name</key>
			<string>auto-generated</string>
			<key>sourceTree</key>
			<string>&lt;group&gt;</string>
		</dict>
		<key>7A556DE019E767BB003CC308</key>
		<dict>
			<key>children</key>
			<array>
				<string>7A556DE119E767EE003CC308</string>
				<string>7A556DE319E7684F003CC308</string>
				<string>7A556DE519E7685C003CC308</string>
				<string>7A556DE719E7686A003CC308</string>
			</array>
			<key>isa</key>
			<string>PBXGroup</string>
			<key>name</key>
			<string>Extensions</string>
			<key>sourceTree</key>
			<string>&lt;group&gt;</string>
		</dict>
		<key>7A556DE119E767EE003CC308</key>
		<dict>
			<key>fileEncoding</key>
			<string>4</string>
			<key>isa</key>
			<string>PBXFileReference</string>
			<key>lastKnownFileType</key>
			<string>sourcecode.swift</string>
			<key>name</key>
			<string>UserExtension.swift</string>
			<key>path</key>
			<string>Classes/UserExtension.swift</string>
			<key>sourceTree</key>
			<string>&lt;group&gt;</string>
		</dict>
		<key>7A556DE219E767EE003CC308</key>
		<dict>
			<key>fileRef</key>
			<string>7A556DE119E767EE003CC308</string>
			<key>isa</key>
			<string>PBXBuildFile</string>
		</dict>
		<key>7A556DE319E7684F003CC308</key>
		<dict>
			<key>fileEncoding</key>
			<string>4</string>
			<key>isa</key>
			<string>PBXFileReference</string>
			<key>lastKnownFileType</key>
			<string>sourcecode.swift</string>
			<key>name</key>
			<string>DeviceExtension.swift</string>
			<key>path</key>
			<string>Classes/DeviceExtension.swift</string>
			<key>sourceTree</key>
			<string>&lt;group&gt;</string>
		</dict>
		<key>7A556DE419E7684F003CC308</key>
		<dict>
			<key>fileRef</key>
			<string>7A556DE319E7684F003CC308</string>
			<key>isa</key>
			<string>PBXBuildFile</string>
		</dict>
		<key>7A556DE519E7685C003CC308</key>
		<dict>
			<key>fileEncoding</key>
			<string>4</string>
			<key>isa</key>
			<string>PBXFileReference</string>
			<key>lastKnownFileType</key>
			<string>sourcecode.swift</string>
			<key>name</key>
			<string>RoomExtension.swift</string>
			<key>path</key>
			<string>Classes/RoomExtension.swift</string>
			<key>sourceTree</key>
			<string>&lt;group&gt;</string>
		</dict>
		<key>7A556DE619E7685C003CC308</key>
		<dict>
			<key>fileRef</key>
			<string>7A556DE519E7685C003CC308</string>
			<key>isa</key>
			<string>PBXBuildFile</string>
		</dict>
		<key>7A556DE719E7686A003CC308</key>
		<dict>
			<key>fileEncoding</key>
			<string>4</string>
			<key>isa</key>
			<string>PBXFileReference</string>
			<key>lastKnownFileType</key>
			<string>sourcecode.swift</string>
			<key>name</key>
			<string>MugExtension.swift</string>
			<key>path</key>
			<string>Classes/MugExtension.swift</string>
			<key>sourceTree</key>
			<string>&lt;group&gt;</string>
		</dict>
		<key>7A556DE819E7686A003CC308</key>
		<dict>
			<key>fileRef</key>
			<string>7A556DE719E7686A003CC308</string>
			<key>isa</key>
			<string>PBXBuildFile</string>
		</dict>
		<key>7A6B2C2C19ECB4A40093085C</key>
		<dict>
			<key>fileEncoding</key>
			<string>4</string>
			<key>isa</key>
			<string>PBXFileReference</string>
			<key>lastKnownFileType</key>
			<string>sourcecode.c.h</string>
			<key>name</key>
			<string>Device.h</string>
			<key>path</key>
			<string>Classes/auto-generated/Device.h</string>
			<key>sourceTree</key>
			<string>&lt;group&gt;</string>
		</dict>
		<key>7A6B2C2D19ECB4A40093085C</key>
		<dict>
			<key>fileEncoding</key>
			<string>4</string>
			<key>isa</key>
			<string>PBXFileReference</string>
			<key>lastKnownFileType</key>
			<string>sourcecode.c.objc</string>
			<key>name</key>
			<string>Device.m</string>
			<key>path</key>
			<string>Classes/auto-generated/Device.m</string>
			<key>sourceTree</key>
			<string>&lt;group&gt;</string>
		</dict>
		<key>7A6B2C2E19ECB4A40093085C</key>
		<dict>
			<key>fileRef</key>
			<string>7A6B2C2D19ECB4A40093085C</string>
			<key>isa</key>
			<string>PBXBuildFile</string>
		</dict>
		<key>7A6B2C2F19ECB4A40093085C</key>
		<dict>
			<key>fileEncoding</key>
			<string>4</string>
			<key>isa</key>
			<string>PBXFileReference</string>
			<key>lastKnownFileType</key>
			<string>sourcecode.c.h</string>
			<key>name</key>
			<string>Mug.h</string>
			<key>path</key>
			<string>Classes/auto-generated/Mug.h</string>
			<key>sourceTree</key>
			<string>&lt;group&gt;</string>
		</dict>
		<key>7A6B2C3019ECB4A40093085C</key>
		<dict>
			<key>fileEncoding</key>
			<string>4</string>
			<key>isa</key>
			<string>PBXFileReference</string>
			<key>lastKnownFileType</key>
			<string>sourcecode.c.objc</string>
			<key>name</key>
			<string>Mug.m</string>
			<key>path</key>
			<string>Classes/auto-generated/Mug.m</string>
			<key>sourceTree</key>
			<string>&lt;group&gt;</string>
		</dict>
		<key>7A6B2C3119ECB4A40093085C</key>
		<dict>
			<key>fileRef</key>
			<string>7A6B2C3019ECB4A40093085C</string>
			<key>isa</key>
			<string>PBXBuildFile</string>
		</dict>
		<key>7A6B2C3219ECB4A40093085C</key>
		<dict>
			<key>fileEncoding</key>
			<string>4</string>
			<key>isa</key>
			<string>PBXFileReference</string>
			<key>lastKnownFileType</key>
			<string>sourcecode.c.h</string>
			<key>name</key>
			<string>Room.h</string>
			<key>path</key>
			<string>Classes/auto-generated/Room.h</string>
			<key>sourceTree</key>
			<string>&lt;group&gt;</string>
		</dict>
		<key>7A6B2C3319ECB4A40093085C</key>
		<dict>
			<key>fileEncoding</key>
			<string>4</string>
			<key>isa</key>
			<string>PBXFileReference</string>
			<key>lastKnownFileType</key>
			<string>sourcecode.c.objc</string>
			<key>name</key>
			<string>Room.m</string>
			<key>path</key>
			<string>Classes/auto-generated/Room.m</string>
			<key>sourceTree</key>
			<string>&lt;group&gt;</string>
		</dict>
		<key>7A6B2C3419ECB4A40093085C</key>
		<dict>
			<key>fileRef</key>
			<string>7A6B2C3319ECB4A40093085C</string>
			<key>isa</key>
			<string>PBXBuildFile</string>
		</dict>
		<key>7A6B2C3519ECB4A40093085C</key>
		<dict>
			<key>fileEncoding</key>
			<string>4</string>
			<key>isa</key>
			<string>PBXFileReference</string>
			<key>lastKnownFileType</key>
			<string>sourcecode.c.h</string>
			<key>name</key>
			<string>User.h</string>
			<key>path</key>
			<string>Classes/auto-generated/User.h</string>
			<key>sourceTree</key>
			<string>&lt;group&gt;</string>
		</dict>
		<key>7A6B2C3619ECB4A40093085C</key>
		<dict>
			<key>fileEncoding</key>
			<string>4</string>
			<key>isa</key>
			<string>PBXFileReference</string>
			<key>lastKnownFileType</key>
			<string>sourcecode.c.objc</string>
			<key>name</key>
			<string>User.m</string>
			<key>path</key>
			<string>Classes/auto-generated/User.m</string>
			<key>sourceTree</key>
			<string>&lt;group&gt;</string>
		</dict>
		<key>7A6B2C3719ECB4A40093085C</key>
		<dict>
			<key>fileRef</key>
			<string>7A6B2C3619ECB4A40093085C</string>
			<key>isa</key>
			<string>PBXBuildFile</string>
		</dict>
		<key>7A6D3C9819D2058500057058</key>
		<dict>
			<key>fileEncoding</key>
			<string>4</string>
			<key>isa</key>
			<string>PBXFileReference</string>
			<key>lastKnownFileType</key>
			<string>sourcecode.swift</string>
			<key>name</key>
			<string>UIImageViewExtensions.swift</string>
			<key>path</key>
			<string>Classes/UIImageViewExtensions.swift</string>
			<key>sourceTree</key>
			<string>&lt;group&gt;</string>
		</dict>
		<key>7A6D3C9919D2058500057058</key>
		<dict>
			<key>fileRef</key>
			<string>7A6D3C9819D2058500057058</string>
			<key>isa</key>
			<string>PBXBuildFile</string>
		</dict>
		<key>7A76C68819D303F500D0ACA7</key>
		<dict>
			<key>fileEncoding</key>
			<string>4</string>
			<key>isa</key>
			<string>PBXFileReference</string>
			<key>lastKnownFileType</key>
			<string>sourcecode.swift</string>
			<key>name</key>
			<string>InboxView.swift</string>
			<key>path</key>
			<string>Classes/InboxView.swift</string>
			<key>sourceTree</key>
			<string>&lt;group&gt;</string>
		</dict>
		<key>7A76C68919D303F500D0ACA7</key>
		<dict>
			<key>fileRef</key>
			<string>7A76C68819D303F500D0ACA7</string>
			<key>isa</key>
			<string>PBXBuildFile</string>
		</dict>
		<key>7A8A964C19E1F3CF00FB5515</key>
		<dict>
			<key>fileEncoding</key>
			<string>4</string>
			<key>isa</key>
			<string>PBXFileReference</string>
			<key>lastKnownFileType</key>
			<string>sourcecode.swift</string>
			<key>name</key>
			<string>MessagesTopViewCell.swift</string>
			<key>path</key>
			<string>Classes/MessagesTopViewCell.swift</string>
			<key>sourceTree</key>
			<string>&lt;group&gt;</string>
		</dict>
		<key>7A8A964D19E1F3CF00FB5515</key>
		<dict>
			<key>fileRef</key>
			<string>7A8A964C19E1F3CF00FB5515</string>
			<key>isa</key>
			<string>PBXBuildFile</string>
		</dict>
		<key>7A8A964E19E2323300FB5515</key>
		<dict>
			<key>fileEncoding</key>
			<string>4</string>
			<key>isa</key>
			<string>PBXFileReference</string>
			<key>lastKnownFileType</key>
			<string>sourcecode.swift</string>
			<key>name</key>
			<string>MessagesTopViewDelegate.swift</string>
			<key>path</key>
			<string>Classes/MessagesTopViewDelegate.swift</string>
			<key>sourceTree</key>
			<string>&lt;group&gt;</string>
		</dict>
		<key>7A8A964F19E2323300FB5515</key>
		<dict>
			<key>fileRef</key>
			<string>7A8A964E19E2323300FB5515</string>
			<key>isa</key>
			<string>PBXBuildFile</string>
		</dict>
		<key>7A9619DB19DB2976005E4343</key>
		<dict>
			<key>fileEncoding</key>
			<string>4</string>
			<key>isa</key>
			<string>PBXFileReference</string>
			<key>lastKnownFileType</key>
			<string>sourcecode.swift</string>
			<key>name</key>
			<string>MugChatViewController.swift</string>
			<key>path</key>
			<string>Classes/MugChatViewController.swift</string>
			<key>sourceTree</key>
			<string>&lt;group&gt;</string>
		</dict>
		<key>7A9619DC19DB2976005E4343</key>
		<dict>
			<key>fileRef</key>
			<string>7A9619DB19DB2976005E4343</string>
			<key>isa</key>
			<string>PBXBuildFile</string>
		</dict>
		<key>7A9619DF19DB82EF005E4343</key>
		<dict>
			<key>fileEncoding</key>
			<string>4</string>
			<key>isa</key>
			<string>PBXFileReference</string>
			<key>lastKnownFileType</key>
			<string>sourcecode.c.h</string>
			<key>name</key>
			<string>UIImage+ImageEffects.h</string>
			<key>path</key>
			<string>Classes/UIImage+ImageEffects.h</string>
			<key>sourceTree</key>
			<string>&lt;group&gt;</string>
		</dict>
		<key>7A9619E019DB82EF005E4343</key>
		<dict>
			<key>fileEncoding</key>
			<string>4</string>
			<key>isa</key>
			<string>PBXFileReference</string>
			<key>lastKnownFileType</key>
			<string>sourcecode.c.objc</string>
			<key>name</key>
			<string>UIImage+ImageEffects.m</string>
			<key>path</key>
			<string>Classes/UIImage+ImageEffects.m</string>
			<key>sourceTree</key>
			<string>&lt;group&gt;</string>
		</dict>
		<key>7A9619E119DB82EF005E4343</key>
		<dict>
			<key>fileRef</key>
			<string>7A9619E019DB82EF005E4343</string>
			<key>isa</key>
			<string>PBXBuildFile</string>
		</dict>
		<key>7A9619E219DB85D4005E4343</key>
		<dict>
			<key>fileEncoding</key>
			<string>4</string>
			<key>isa</key>
			<string>PBXFileReference</string>
			<key>lastKnownFileType</key>
			<string>sourcecode.swift</string>
			<key>name</key>
			<string>UITableViewExtensions.swift</string>
			<key>path</key>
			<string>Classes/UITableViewExtensions.swift</string>
			<key>sourceTree</key>
			<string>&lt;group&gt;</string>
		</dict>
		<key>7A9619E319DB85D4005E4343</key>
		<dict>
			<key>fileRef</key>
			<string>7A9619E219DB85D4005E4343</string>
			<key>isa</key>
			<string>PBXBuildFile</string>
		</dict>
		<key>7A9619E419DC2A55005E4343</key>
		<dict>
			<key>children</key>
			<array>
				<string>7A9619E519DC2A7A005E4343</string>
			</array>
			<key>isa</key>
			<string>PBXGroup</string>
			<key>name</key>
			<string>SignUp</string>
			<key>sourceTree</key>
			<string>&lt;group&gt;</string>
		</dict>
		<key>7A9619E519DC2A7A005E4343</key>
		<dict>
			<key>fileEncoding</key>
			<string>4</string>
			<key>isa</key>
			<string>PBXFileReference</string>
			<key>lastKnownFileType</key>
			<string>sourcecode.swift</string>
			<key>name</key>
			<string>SignUpViewController.swift</string>
			<key>path</key>
			<string>Classes/SignUpViewController.swift</string>
			<key>sourceTree</key>
			<string>&lt;group&gt;</string>
		</dict>
		<key>7A9619E619DC2A7A005E4343</key>
		<dict>
			<key>fileRef</key>
			<string>7A9619E519DC2A7A005E4343</string>
			<key>isa</key>
			<string>PBXBuildFile</string>
		</dict>
		<key>7A9619E719DC2CD9005E4343</key>
		<dict>
			<key>children</key>
			<array>
				<string>7A9619E819DC2CF0005E4343</string>
				<string>7A9619EA19DC3C7D005E4343</string>
				<string>7AB946DB19DF35E700779C73</string>
				<string>7A8A964C19E1F3CF00FB5515</string>
				<string>7A8A964E19E2323300FB5515</string>
			</array>
			<key>isa</key>
			<string>PBXGroup</string>
			<key>name</key>
			<string>SignUp</string>
			<key>sourceTree</key>
			<string>&lt;group&gt;</string>
		</dict>
		<key>7A9619E819DC2CF0005E4343</key>
		<dict>
			<key>fileEncoding</key>
			<string>4</string>
			<key>isa</key>
			<string>PBXFileReference</string>
			<key>lastKnownFileType</key>
			<string>sourcecode.swift</string>
			<key>name</key>
			<string>SignUpView.swift</string>
			<key>path</key>
			<string>Classes/SignUpView.swift</string>
			<key>sourceTree</key>
			<string>&lt;group&gt;</string>
		</dict>
		<key>7A9619E919DC2CF0005E4343</key>
		<dict>
			<key>fileRef</key>
			<string>7A9619E819DC2CF0005E4343</string>
			<key>isa</key>
			<string>PBXBuildFile</string>
		</dict>
		<key>7A9619EA19DC3C7D005E4343</key>
		<dict>
			<key>fileEncoding</key>
			<string>4</string>
			<key>isa</key>
			<string>PBXFileReference</string>
			<key>lastKnownFileType</key>
			<string>sourcecode.swift</string>
			<key>path</key>
			<string>SignUpViewDelegate.swift</string>
			<key>sourceTree</key>
			<string>&lt;group&gt;</string>
		</dict>
		<key>7A9619EB19DC3C7D005E4343</key>
		<dict>
			<key>fileRef</key>
			<string>7A9619EA19DC3C7D005E4343</string>
			<key>isa</key>
			<string>PBXBuildFile</string>
		</dict>
		<key>7A9619EC19DC3ED5005E4343</key>
		<dict>
			<key>children</key>
			<array>
				<string>7A27FA5019D58DFE005104A9</string>
				<string>7A11791C19DA03980086A66B</string>
			</array>
			<key>isa</key>
			<string>PBXGroup</string>
			<key>name</key>
			<string>NavigationBar</string>
			<key>sourceTree</key>
			<string>&lt;group&gt;</string>
		</dict>
		<key>7A9619ED19DC3EE3005E4343</key>
		<dict>
			<key>children</key>
			<array>
				<string>7AFB0B6719D5ABB900634C4B</string>
			</array>
			<key>isa</key>
			<string>PBXGroup</string>
			<key>name</key>
			<string>Badge</string>
			<key>sourceTree</key>
			<string>&lt;group&gt;</string>
		</dict>
		<key>7A9619EE19DC3EEF005E4343</key>
		<dict>
			<key>children</key>
			<array>
				<string>7A9619EF19DC3F01005E4343</string>
				<string>7AB946D919DEF1CC00779C73</string>
			</array>
			<key>isa</key>
			<string>PBXGroup</string>
			<key>name</key>
			<string>UserForm</string>
			<key>sourceTree</key>
			<string>&lt;group&gt;</string>
		</dict>
		<key>7A9619EF19DC3F01005E4343</key>
		<dict>
			<key>fileEncoding</key>
			<string>4</string>
			<key>isa</key>
			<string>PBXFileReference</string>
			<key>lastKnownFileType</key>
			<string>sourcecode.swift</string>
			<key>name</key>
			<string>UserFormView.swift</string>
			<key>path</key>
			<string>Classes/UserFormView.swift</string>
			<key>sourceTree</key>
			<string>&lt;group&gt;</string>
		</dict>
		<key>7A9619F019DC3F01005E4343</key>
		<dict>
			<key>fileRef</key>
			<string>7A9619EF19DC3F01005E4343</string>
			<key>isa</key>
			<string>PBXBuildFile</string>
		</dict>
		<key>7A9DE20219EC8C0E00F3E0C2</key>
		<dict>
			<key>fileEncoding</key>
			<string>4</string>
			<key>isa</key>
			<string>PBXFileReference</string>
			<key>lastKnownFileType</key>
			<string>sourcecode.swift</string>
			<key>name</key>
			<string>CoreDataHandler.swift</string>
			<key>path</key>
			<string>Classes/CoreDataHandler.swift</string>
			<key>sourceTree</key>
			<string>&lt;group&gt;</string>
		</dict>
		<key>7A9DE20319EC8C0E00F3E0C2</key>
		<dict>
			<key>fileRef</key>
			<string>7A9DE20219EC8C0E00F3E0C2</string>
			<key>isa</key>
			<string>PBXBuildFile</string>
		</dict>
		<key>7AB1683619E31951004E2162</key>
		<dict>
			<key>children</key>
			<array>
				<string>7AB1683719E3196E004E2162</string>
				<string>7AD93F9119E56D41009CC59A</string>
			</array>
			<key>isa</key>
			<string>PBXGroup</string>
			<key>name</key>
			<string>Take a Picture</string>
			<key>sourceTree</key>
			<string>&lt;group&gt;</string>
		</dict>
		<key>7AB1683719E3196E004E2162</key>
		<dict>
			<key>fileEncoding</key>
			<string>4</string>
			<key>isa</key>
			<string>PBXFileReference</string>
			<key>lastKnownFileType</key>
			<string>sourcecode.swift</string>
			<key>name</key>
			<string>TakePictureViewController.swift</string>
			<key>path</key>
			<string>Classes/TakePictureViewController.swift</string>
			<key>sourceTree</key>
			<string>&lt;group&gt;</string>
		</dict>
		<key>7AB1683819E3196E004E2162</key>
		<dict>
			<key>fileRef</key>
			<string>7AB1683719E3196E004E2162</string>
			<key>isa</key>
			<string>PBXBuildFile</string>
		</dict>
		<key>7AB1683919E319C7004E2162</key>
		<dict>
			<key>children</key>
			<array>
				<string>7AB1683A19E319DB004E2162</string>
				<string>7AB1683C19E31B8E004E2162</string>
			</array>
			<key>isa</key>
			<string>PBXGroup</string>
			<key>name</key>
			<string>Take a Picture</string>
			<key>sourceTree</key>
			<string>&lt;group&gt;</string>
		</dict>
		<key>7AB1683A19E319DB004E2162</key>
		<dict>
			<key>fileEncoding</key>
			<string>4</string>
			<key>isa</key>
			<string>PBXFileReference</string>
			<key>lastKnownFileType</key>
			<string>sourcecode.swift</string>
			<key>name</key>
			<string>TakePictureView.swift</string>
			<key>path</key>
			<string>Classes/TakePictureView.swift</string>
			<key>sourceTree</key>
			<string>&lt;group&gt;</string>
		</dict>
		<key>7AB1683B19E319DB004E2162</key>
		<dict>
			<key>fileRef</key>
			<string>7AB1683A19E319DB004E2162</string>
			<key>isa</key>
			<string>PBXBuildFile</string>
		</dict>
		<key>7AB1683C19E31B8E004E2162</key>
		<dict>
			<key>fileEncoding</key>
			<string>4</string>
			<key>isa</key>
			<string>PBXFileReference</string>
			<key>lastKnownFileType</key>
			<string>sourcecode.swift</string>
			<key>name</key>
			<string>TakePictureViewDelegate.swift</string>
			<key>path</key>
			<string>Classes/TakePictureViewDelegate.swift</string>
			<key>sourceTree</key>
			<string>&lt;group&gt;</string>
		</dict>
		<key>7AB1683D19E31B8E004E2162</key>
		<dict>
			<key>fileRef</key>
			<string>7AB1683C19E31B8E004E2162</string>
			<key>isa</key>
			<string>PBXBuildFile</string>
		</dict>
		<key>7AB1685519E32CB0004E2162</key>
		<dict>
			<key>children</key>
			<array>
				<string>7AB1685619E32CD2004E2162</string>
				<string>7AB1685719E32CD2004E2162</string>
			</array>
			<key>isa</key>
			<string>PBXGroup</string>
			<key>name</key>
			<string>Camera</string>
			<key>sourceTree</key>
			<string>&lt;group&gt;</string>
		</dict>
		<key>7AB1685619E32CD2004E2162</key>
		<dict>
			<key>fileEncoding</key>
			<string>4</string>
			<key>isa</key>
			<string>PBXFileReference</string>
			<key>lastKnownFileType</key>
			<string>sourcecode.c.h</string>
			<key>name</key>
			<string>AVCamPreviewView.h</string>
			<key>path</key>
			<string>Classes/AVCamPreviewView.h</string>
			<key>sourceTree</key>
			<string>&lt;group&gt;</string>
		</dict>
		<key>7AB1685719E32CD2004E2162</key>
		<dict>
			<key>fileEncoding</key>
			<string>4</string>
			<key>isa</key>
			<string>PBXFileReference</string>
			<key>lastKnownFileType</key>
			<string>sourcecode.c.objc</string>
			<key>name</key>
			<string>AVCamPreviewView.m</string>
			<key>path</key>
			<string>Classes/AVCamPreviewView.m</string>
			<key>sourceTree</key>
			<string>&lt;group&gt;</string>
		</dict>
		<key>7AB1685819E32CD2004E2162</key>
		<dict>
			<key>fileRef</key>
			<string>7AB1685719E32CD2004E2162</string>
			<key>isa</key>
			<string>PBXBuildFile</string>
		</dict>
		<key>7AB1685919E32DE3004E2162</key>
		<dict>
			<key>isa</key>
			<string>PBXFileReference</string>
			<key>lastKnownFileType</key>
			<string>wrapper.framework</string>
			<key>name</key>
			<string>AVFoundation.framework</string>
			<key>path</key>
			<string>System/Library/Frameworks/AVFoundation.framework</string>
			<key>sourceTree</key>
			<string>SDKROOT</string>
		</dict>
		<key>7AB1685A19E32DE3004E2162</key>
		<dict>
			<key>fileRef</key>
			<string>7AB1685919E32DE3004E2162</string>
			<key>isa</key>
			<string>PBXBuildFile</string>
		</dict>
		<key>7AB946D719DED95900779C73</key>
		<dict>
			<key>fileEncoding</key>
			<string>4</string>
			<key>isa</key>
			<string>PBXFileReference</string>
			<key>lastKnownFileType</key>
			<string>sourcecode.swift</string>
			<key>name</key>
			<string>StringExtensions.swift</string>
			<key>path</key>
			<string>Classes/StringExtensions.swift</string>
			<key>sourceTree</key>
			<string>&lt;group&gt;</string>
		</dict>
		<key>7AB946D819DED95900779C73</key>
		<dict>
			<key>fileRef</key>
			<string>7AB946D719DED95900779C73</string>
			<key>isa</key>
			<string>PBXBuildFile</string>
		</dict>
		<key>7AB946D919DEF1CC00779C73</key>
		<dict>
			<key>fileEncoding</key>
			<string>4</string>
			<key>isa</key>
			<string>PBXFileReference</string>
			<key>lastKnownFileType</key>
			<string>sourcecode.swift</string>
			<key>name</key>
			<string>UserFormViewDelegate.swift</string>
			<key>path</key>
			<string>Classes/UserFormViewDelegate.swift</string>
			<key>sourceTree</key>
			<string>&lt;group&gt;</string>
		</dict>
		<key>7AB946DA19DEF1CC00779C73</key>
		<dict>
			<key>fileRef</key>
			<string>7AB946D919DEF1CC00779C73</string>
			<key>isa</key>
			<string>PBXBuildFile</string>
		</dict>
		<key>7AB946DB19DF35E700779C73</key>
		<dict>
			<key>fileEncoding</key>
			<string>4</string>
			<key>isa</key>
			<string>PBXFileReference</string>
			<key>lastKnownFileType</key>
			<string>sourcecode.swift</string>
			<key>name</key>
			<string>MessagesTopView.swift</string>
			<key>path</key>
			<string>Classes/MessagesTopView.swift</string>
			<key>sourceTree</key>
			<string>&lt;group&gt;</string>
		</dict>
		<key>7AB946DC19DF35E700779C73</key>
		<dict>
			<key>fileRef</key>
			<string>7AB946DB19DF35E700779C73</string>
			<key>isa</key>
			<string>PBXBuildFile</string>
		</dict>
		<key>7AD93F8C19E4B677009CC59A</key>
		<dict>
			<key>children</key>
			<array>
				<string>7AD93F8D19E4B705009CC59A</string>
				<string>7AD93F8F19E4B805009CC59A</string>
			</array>
			<key>isa</key>
			<string>PBXGroup</string>
			<key>name</key>
			<string>Confirm Picture</string>
			<key>sourceTree</key>
			<string>&lt;group&gt;</string>
		</dict>
		<key>7AD93F8D19E4B705009CC59A</key>
		<dict>
			<key>fileEncoding</key>
			<string>4</string>
			<key>isa</key>
			<string>PBXFileReference</string>
			<key>lastKnownFileType</key>
			<string>sourcecode.swift</string>
			<key>name</key>
			<string>ConfirmPictureView.swift</string>
			<key>path</key>
			<string>Classes/ConfirmPictureView.swift</string>
			<key>sourceTree</key>
			<string>&lt;group&gt;</string>
		</dict>
		<key>7AD93F8E19E4B705009CC59A</key>
		<dict>
			<key>fileRef</key>
			<string>7AD93F8D19E4B705009CC59A</string>
			<key>isa</key>
			<string>PBXBuildFile</string>
		</dict>
		<key>7AD93F8F19E4B805009CC59A</key>
		<dict>
			<key>fileEncoding</key>
			<string>4</string>
			<key>isa</key>
			<string>PBXFileReference</string>
			<key>lastKnownFileType</key>
			<string>sourcecode.swift</string>
			<key>name</key>
			<string>ConfirmPictureViewDelegate.swift</string>
			<key>path</key>
			<string>Classes/ConfirmPictureViewDelegate.swift</string>
			<key>sourceTree</key>
			<string>&lt;group&gt;</string>
		</dict>
		<key>7AD93F9019E4B805009CC59A</key>
		<dict>
			<key>fileRef</key>
			<string>7AD93F8F19E4B805009CC59A</string>
			<key>isa</key>
			<string>PBXBuildFile</string>
		</dict>
		<key>7AD93F9119E56D41009CC59A</key>
		<dict>
			<key>fileEncoding</key>
			<string>4</string>
			<key>isa</key>
			<string>PBXFileReference</string>
			<key>lastKnownFileType</key>
			<string>sourcecode.swift</string>
			<key>name</key>
			<string>TakePictureViewControllerDelegate.swift</string>
			<key>path</key>
			<string>Classes/TakePictureViewControllerDelegate.swift</string>
			<key>sourceTree</key>
			<string>&lt;group&gt;</string>
		</dict>
		<key>7AD93F9219E56D41009CC59A</key>
		<dict>
			<key>fileRef</key>
			<string>7AD93F9119E56D41009CC59A</string>
			<key>isa</key>
			<string>PBXBuildFile</string>
		</dict>
		<key>7AD93F9319E574B6009CC59A</key>
		<dict>
			<key>fileEncoding</key>
			<string>4</string>
			<key>isa</key>
			<string>PBXFileReference</string>
			<key>lastKnownFileType</key>
			<string>sourcecode.swift</string>
			<key>name</key>
			<string>UIImageExtensions.swift</string>
			<key>path</key>
			<string>Classes/UIImageExtensions.swift</string>
			<key>sourceTree</key>
			<string>&lt;group&gt;</string>
		</dict>
		<key>7AD93F9419E574B6009CC59A</key>
		<dict>
			<key>fileRef</key>
			<string>7AD93F9319E574B6009CC59A</string>
			<key>isa</key>
			<string>PBXBuildFile</string>
		</dict>
		<key>7AD93F9F19E62530009CC59A</key>
		<dict>
			<key>fileEncoding</key>
			<string>4</string>
			<key>isa</key>
			<string>PBXFileReference</string>
			<key>lastKnownFileType</key>
			<string>sourcecode.swift</string>
			<key>name</key>
			<string>NotificationMessageView.swift</string>
			<key>path</key>
			<string>Classes/NotificationMessageView.swift</string>
			<key>sourceTree</key>
			<string>&lt;group&gt;</string>
		</dict>
		<key>7AD93FA019E62530009CC59A</key>
		<dict>
			<key>fileRef</key>
			<string>7AD93F9F19E62530009CC59A</string>
			<key>isa</key>
			<string>PBXBuildFile</string>
		</dict>
		<key>7AD93FA119E62535009CC59A</key>
		<dict>
			<key>children</key>
			<array>
				<string>7AD93F9F19E62530009CC59A</string>
				<string>7AD93FA619E62F4E009CC59A</string>
			</array>
			<key>isa</key>
			<string>PBXGroup</string>
			<key>name</key>
			<string>Notification Messages</string>
			<key>sourceTree</key>
			<string>&lt;group&gt;</string>
		</dict>
		<key>7AD93FA619E62F4E009CC59A</key>
		<dict>
			<key>fileEncoding</key>
			<string>4</string>
			<key>isa</key>
			<string>PBXFileReference</string>
			<key>lastKnownFileType</key>
			<string>sourcecode.swift</string>
			<key>name</key>
			<string>NotificationMessageViewDelegate.swift</string>
			<key>path</key>
			<string>Classes/NotificationMessageViewDelegate.swift</string>
			<key>sourceTree</key>
			<string>&lt;group&gt;</string>
		</dict>
		<key>7AD93FA719E62F4E009CC59A</key>
		<dict>
			<key>fileRef</key>
			<string>7AD93FA619E62F4E009CC59A</string>
			<key>isa</key>
			<string>PBXBuildFile</string>
		</dict>
		<key>7AD93FA819E6BBAA009CC59A</key>
		<dict>
			<key>fileEncoding</key>
			<string>4</string>
			<key>isa</key>
			<string>PBXFileReference</string>
			<key>lastKnownFileType</key>
			<string>sourcecode.swift</string>
			<key>name</key>
			<string>CropOverlayView.swift</string>
			<key>path</key>
			<string>Classes/CropOverlayView.swift</string>
			<key>sourceTree</key>
			<string>&lt;group&gt;</string>
		</dict>
		<key>7AD93FA919E6BBAA009CC59A</key>
		<dict>
			<key>fileRef</key>
			<string>7AD93FA819E6BBAA009CC59A</string>
			<key>isa</key>
			<string>PBXBuildFile</string>
		</dict>
		<key>7AFA470719E74B8200D2E3D2</key>
		<dict>
			<key>children</key>
			<array>
				<string>7AFA470819E74B9700D2E3D2</string>
			</array>
			<key>isa</key>
			<string>PBXGroup</string>
			<key>name</key>
			<string>Chat Handlers</string>
			<key>sourceTree</key>
			<string>&lt;group&gt;</string>
		</dict>
		<key>7AFA470819E74B9700D2E3D2</key>
		<dict>
			<key>fileEncoding</key>
			<string>4</string>
			<key>isa</key>
			<string>PBXFileReference</string>
			<key>lastKnownFileType</key>
			<string>sourcecode.swift</string>
			<key>name</key>
			<string>IncomingMessageHandler.swift</string>
			<key>path</key>
			<string>Classes/IncomingMessageHandler.swift</string>
			<key>sourceTree</key>
			<string>&lt;group&gt;</string>
		</dict>
		<key>7AFA470919E74B9700D2E3D2</key>
		<dict>
			<key>fileRef</key>
			<string>7AFA470819E74B9700D2E3D2</string>
			<key>isa</key>
			<string>PBXBuildFile</string>
		</dict>
		<key>7AFB0B6719D5ABB900634C4B</key>
		<dict>
			<key>fileEncoding</key>
			<string>4</string>
			<key>isa</key>
			<string>PBXFileReference</string>
			<key>lastKnownFileType</key>
			<string>sourcecode.swift</string>
			<key>name</key>
			<string>CustomBadgeView.swift</string>
			<key>path</key>
			<string>Classes/CustomBadgeView.swift</string>
			<key>sourceTree</key>
			<string>&lt;group&gt;</string>
		</dict>
		<key>7AFB0B6819D5ABB900634C4B</key>
		<dict>
			<key>fileRef</key>
			<string>7AFB0B6719D5ABB900634C4B</string>
			<key>isa</key>
			<string>PBXBuildFile</string>
		</dict>
		<key>8B391FD29BBD8E8F0D3CEC0C</key>
		<dict>
			<key>includeInIndex</key>
			<string>1</string>
			<key>isa</key>
			<string>PBXFileReference</string>
			<key>lastKnownFileType</key>
			<string>text.xcconfig</string>
			<key>name</key>
			<string>Pods.debug.xcconfig</string>
			<key>path</key>
			<string>Pods/Target Support Files/Pods/Pods.debug.xcconfig</string>
			<key>sourceTree</key>
			<string>&lt;group&gt;</string>
		</dict>
		<key>A2124E9519DB24B900631FE0</key>
		<dict>
			<key>fileEncoding</key>
			<string>4</string>
			<key>isa</key>
			<string>PBXFileReference</string>
			<key>lastKnownFileType</key>
			<string>sourcecode.swift</string>
			<key>path</key>
			<string>ForgotPasswordViewController.swift</string>
			<key>sourceTree</key>
			<string>&lt;group&gt;</string>
		</dict>
		<key>A2124E9619DB24B900631FE0</key>
		<dict>
			<key>fileRef</key>
			<string>A2124E9519DB24B900631FE0</string>
			<key>isa</key>
			<string>PBXBuildFile</string>
		</dict>
		<key>A2124E9719DB268C00631FE0</key>
		<dict>
			<key>fileEncoding</key>
			<string>4</string>
			<key>isa</key>
			<string>PBXFileReference</string>
			<key>lastKnownFileType</key>
			<string>sourcecode.swift</string>
			<key>path</key>
			<string>ForgotPasswordView.swift</string>
			<key>sourceTree</key>
			<string>&lt;group&gt;</string>
		</dict>
		<key>A2124E9819DB268C00631FE0</key>
		<dict>
			<key>fileRef</key>
			<string>A2124E9719DB268C00631FE0</string>
			<key>isa</key>
			<string>PBXBuildFile</string>
		</dict>
		<key>A2124E9919DB269700631FE0</key>
		<dict>
			<key>fileEncoding</key>
			<string>4</string>
			<key>isa</key>
			<string>PBXFileReference</string>
			<key>lastKnownFileType</key>
			<string>sourcecode.swift</string>
			<key>path</key>
			<string>ForgotPasswordViewDelegate.swift</string>
			<key>sourceTree</key>
			<string>&lt;group&gt;</string>
		</dict>
		<key>A2124E9A19DB269700631FE0</key>
		<dict>
			<key>fileRef</key>
			<string>A2124E9919DB269700631FE0</string>
			<key>isa</key>
			<string>PBXBuildFile</string>
		</dict>
		<key>A216D3D619E708A900AD10DB</key>
		<dict>
			<key>children</key>
			<array>
				<string>A216D3D719E708E800AD10DB</string>
				<string>A216D3D819E708E800AD10DB</string>
			</array>
			<key>isa</key>
			<string>PBXGroup</string>
			<key>name</key>
			<string>TextView</string>
			<key>sourceTree</key>
			<string>&lt;group&gt;</string>
		</dict>
		<key>A216D3D719E708E800AD10DB</key>
		<dict>
			<key>fileEncoding</key>
			<string>4</string>
			<key>isa</key>
			<string>PBXFileReference</string>
			<key>lastKnownFileType</key>
			<string>sourcecode.swift</string>
			<key>path</key>
			<string>JoinStringsTextField.swift</string>
			<key>sourceTree</key>
			<string>&lt;group&gt;</string>
		</dict>
		<key>A216D3D819E708E800AD10DB</key>
		<dict>
			<key>fileEncoding</key>
			<string>4</string>
			<key>isa</key>
			<string>PBXFileReference</string>
			<key>lastKnownFileType</key>
			<string>sourcecode.swift</string>
			<key>path</key>
			<string>JoinStringsTextFieldDemo.swift</string>
			<key>sourceTree</key>
			<string>&lt;group&gt;</string>
		</dict>
		<key>A216D3D919E708E800AD10DB</key>
		<dict>
			<key>fileRef</key>
			<string>A216D3D719E708E800AD10DB</string>
			<key>isa</key>
			<string>PBXBuildFile</string>
		</dict>
		<key>A216D3DA19E708E800AD10DB</key>
		<dict>
			<key>fileRef</key>
			<string>A216D3D819E708E800AD10DB</string>
			<key>isa</key>
			<string>PBXBuildFile</string>
		</dict>
		<key>A2D60FCA19E45EEA001C92A0</key>
		<dict>
			<key>fileEncoding</key>
			<string>4</string>
			<key>isa</key>
			<string>PBXFileReference</string>
			<key>lastKnownFileType</key>
			<string>sourcecode.swift</string>
			<key>path</key>
			<string>ForgotPasswordVerificationCodeViewController.swift</string>
			<key>sourceTree</key>
			<string>&lt;group&gt;</string>
		</dict>
		<key>A2D60FCB19E45EEA001C92A0</key>
		<dict>
			<key>fileEncoding</key>
			<string>4</string>
			<key>isa</key>
			<string>PBXFileReference</string>
			<key>lastKnownFileType</key>
			<string>sourcecode.swift</string>
			<key>path</key>
			<string>NewPasswordViewController.swift</string>
			<key>sourceTree</key>
			<string>&lt;group&gt;</string>
		</dict>
		<key>A2D60FCC19E45EEA001C92A0</key>
		<dict>
			<key>fileRef</key>
			<string>A2D60FCA19E45EEA001C92A0</string>
			<key>isa</key>
			<string>PBXBuildFile</string>
		</dict>
		<key>A2D60FCD19E45EEA001C92A0</key>
		<dict>
			<key>fileRef</key>
			<string>A2D60FCB19E45EEA001C92A0</string>
			<key>isa</key>
			<string>PBXBuildFile</string>
		</dict>
		<key>A2D60FCF19E45EFF001C92A0</key>
		<dict>
			<key>fileEncoding</key>
			<string>4</string>
			<key>isa</key>
			<string>PBXFileReference</string>
			<key>lastKnownFileType</key>
			<string>sourcecode.swift</string>
			<key>path</key>
			<string>NewPasswordView.swift</string>
			<key>sourceTree</key>
			<string>&lt;group&gt;</string>
		</dict>
		<key>A2D60FD019E45EFF001C92A0</key>
		<dict>
			<key>fileEncoding</key>
			<string>4</string>
			<key>isa</key>
			<string>PBXFileReference</string>
			<key>lastKnownFileType</key>
			<string>sourcecode.swift</string>
			<key>path</key>
			<string>NewPasswordViewDelegate.swift</string>
			<key>sourceTree</key>
			<string>&lt;group&gt;</string>
		</dict>
		<key>A2D60FD219E45EFF001C92A0</key>
		<dict>
			<key>fileRef</key>
			<string>A2D60FCF19E45EFF001C92A0</string>
			<key>isa</key>
			<string>PBXBuildFile</string>
		</dict>
		<key>A2D60FD319E45EFF001C92A0</key>
		<dict>
			<key>fileRef</key>
			<string>A2D60FD019E45EFF001C92A0</string>
			<key>isa</key>
			<string>PBXBuildFile</string>
		</dict>
		<key>C31F49D319D485EF005DADD4</key>
		<dict>
			<key>buildSettings</key>
			<dict>
				<key>ALWAYS_SEARCH_USER_PATHS</key>
				<string>NO</string>
				<key>CLANG_CXX_LANGUAGE_STANDARD</key>
				<string>gnu++0x</string>
				<key>CLANG_CXX_LIBRARY</key>
				<string>libc++</string>
				<key>CLANG_ENABLE_MODULES</key>
				<string>YES</string>
				<key>CLANG_ENABLE_OBJC_ARC</key>
				<string>YES</string>
				<key>CLANG_WARN_BOOL_CONVERSION</key>
				<string>YES</string>
				<key>CLANG_WARN_CONSTANT_CONVERSION</key>
				<string>YES</string>
				<key>CLANG_WARN_DIRECT_OBJC_ISA_USAGE</key>
				<string>YES_ERROR</string>
				<key>CLANG_WARN_EMPTY_BODY</key>
				<string>YES</string>
				<key>CLANG_WARN_ENUM_CONVERSION</key>
				<string>YES</string>
				<key>CLANG_WARN_INT_CONVERSION</key>
				<string>YES</string>
				<key>CLANG_WARN_OBJC_ROOT_CLASS</key>
				<string>YES_ERROR</string>
				<key>CLANG_WARN_UNREACHABLE_CODE</key>
				<string>YES</string>
				<key>CLANG_WARN__DUPLICATE_METHOD_MATCH</key>
				<string>YES</string>
				<key>CODE_SIGN_IDENTITY[sdk=iphoneos*]</key>
				<string>iPhone Developer</string>
				<key>COPY_PHASE_STRIP</key>
				<string>YES</string>
				<key>ENABLE_NS_ASSERTIONS</key>
				<string>NO</string>
				<key>ENABLE_STRICT_OBJC_MSGSEND</key>
				<string>YES</string>
				<key>GCC_C_LANGUAGE_STANDARD</key>
				<string>gnu99</string>
				<key>GCC_WARN_64_TO_32_BIT_CONVERSION</key>
				<string>YES</string>
				<key>GCC_WARN_ABOUT_RETURN_TYPE</key>
				<string>YES_ERROR</string>
				<key>GCC_WARN_UNDECLARED_SELECTOR</key>
				<string>YES</string>
				<key>GCC_WARN_UNINITIALIZED_AUTOS</key>
				<string>YES_AGGRESSIVE</string>
				<key>GCC_WARN_UNUSED_FUNCTION</key>
				<string>YES</string>
				<key>GCC_WARN_UNUSED_VARIABLE</key>
				<string>YES</string>
				<key>IPHONEOS_DEPLOYMENT_TARGET</key>
				<string>7.0</string>
				<key>MTL_ENABLE_DEBUG_INFO</key>
				<string>NO</string>
				<key>SDKROOT</key>
				<string>iphoneos</string>
				<key>VALIDATE_PRODUCT</key>
				<string>YES</string>
			</dict>
			<key>isa</key>
			<string>XCBuildConfiguration</string>
			<key>name</key>
			<string>Distribution</string>
		</dict>
		<key>C31F49D419D485EF005DADD4</key>
		<dict>
			<key>baseConfigurationReference</key>
			<string>431760096D7FBE8BA2FC8F22</string>
			<key>buildSettings</key>
			<dict>
				<key>ASSETCATALOG_COMPILER_APPICON_NAME</key>
				<string>AppIcon</string>
				<key>ASSETCATALOG_COMPILER_LAUNCHIMAGE_NAME</key>
				<string>LaunchImage</string>
				<key>CODE_SIGN_IDENTITY</key>
				<string>iPhone Distribution</string>
				<key>CODE_SIGN_IDENTITY[sdk=iphoneos*]</key>
				<string>iPhone Distribution</string>
				<key>INFOPLIST_FILE</key>
				<string>mugchat/Info.plist</string>
				<key>IPHONEOS_DEPLOYMENT_TARGET</key>
				<string>7.0</string>
				<key>LD_RUNPATH_SEARCH_PATHS</key>
				<string>$(inherited) @executable_path/Frameworks</string>
				<key>PRODUCT_NAME</key>
				<string>$(TARGET_NAME)</string>
				<key>PROVISIONING_PROFILE</key>
				<string></string>
				<key>SWIFT_OBJC_BRIDGING_HEADER</key>
				<string>mugchat/ObjectiveCHeaders.h</string>
			</dict>
			<key>isa</key>
			<string>XCBuildConfiguration</string>
			<key>name</key>
			<string>Distribution</string>
		</dict>
		<key>C3E055BF9E4B434289F06FD3</key>
		<dict>
			<key>explicitFileType</key>
			<string>archive.ar</string>
			<key>includeInIndex</key>
			<string>0</string>
			<key>isa</key>
			<string>PBXFileReference</string>
			<key>path</key>
			<string>libPods.a</string>
			<key>sourceTree</key>
			<string>BUILT_PRODUCTS_DIR</string>
		</dict>
		<key>C42F2704A96077C5800507B0</key>
		<dict>
			<key>includeInIndex</key>
			<string>1</string>
			<key>isa</key>
			<string>PBXFileReference</string>
			<key>lastKnownFileType</key>
			<string>text.xcconfig</string>
			<key>name</key>
			<string>Pods.release.xcconfig</string>
			<key>path</key>
			<string>Pods/Target Support Files/Pods/Pods.release.xcconfig</string>
			<key>sourceTree</key>
			<string>&lt;group&gt;</string>
		</dict>
		<key>EC5A81A5795A49A3B7523B70</key>
		<dict>
			<key>children</key>
			<array>
				<string>7AB1685919E32DE3004E2162</string>
				<string>57D2A0A019D3240E00FA729D</string>
				<string>C3E055BF9E4B434289F06FD3</string>
			</array>
			<key>isa</key>
			<string>PBXGroup</string>
			<key>name</key>
			<string>Frameworks</string>
			<key>sourceTree</key>
			<string>&lt;group&gt;</string>
		</dict>
		<key>ECAABC603EEC4666A01F7818</key>
		<dict>
			<key>fileRef</key>
			<string>C3E055BF9E4B434289F06FD3</string>
			<key>isa</key>
			<string>PBXBuildFile</string>
		</dict>
		<key>F7C1F4A6A883BC105DD3A82D</key>
		<dict>
			<key>children</key>
			<array>
				<string>8B391FD29BBD8E8F0D3CEC0C</string>
				<string>C42F2704A96077C5800507B0</string>
				<string>431760096D7FBE8BA2FC8F22</string>
			</array>
			<key>isa</key>
			<string>PBXGroup</string>
			<key>name</key>
			<string>Pods</string>
			<key>sourceTree</key>
			<string>&lt;group&gt;</string>
		</dict>
	</dict>
	<key>rootObject</key>
	<string>70FD4E6819D064450024EBDB</string>
</dict>
</plist>
